// !$*UTF8*$!
{
	archiveVersion = 1;
	classes = {
	};
	objectVersion = 46;
	objects = {

/* Begin PBXBuildFile section */
		045FBD24C90EAD0E487DC69E /* Pods_FangYuanDemo.framework in Frameworks */ = {isa = PBXBuildFile; fileRef = 2509C05C4E0B8EA5033E9391 /* Pods_FangYuanDemo.framework */; };
		091AD4871D06B221009A7BB8 /* MONACO.TTF in Resources */ = {isa = PBXBuildFile; fileRef = 091AD4861D06B221009A7BB8 /* MONACO.TTF */; };
		0932F1E21CB4F8F4009596F6 /* FYDDemoViewController.swift in Sources */ = {isa = PBXBuildFile; fileRef = 0932F1E11CB4F8F4009596F6 /* FYDDemoViewController.swift */; };
		0932F1E41CB4F90B009596F6 /* FYDDemoTableViewController.swift in Sources */ = {isa = PBXBuildFile; fileRef = 0932F1E31CB4F90B009596F6 /* FYDDemoTableViewController.swift */; };
		093F1B2D1CE0D91500D23D70 /* FYDemoHelper.swift in Sources */ = {isa = PBXBuildFile; fileRef = 093F1B2C1CE0D91500D23D70 /* FYDemoHelper.swift */; };
		094105E21CD5296900EBF9BC /* FYDDemoTableViewCell.swift in Sources */ = {isa = PBXBuildFile; fileRef = 094105E11CD5296900EBF9BC /* FYDDemoTableViewCell.swift */; };
		09486A0A1D93B623006EB7CC /* FangYuan.h in Headers */ = {isa = PBXBuildFile; fileRef = 09486A081D93B623006EB7CC /* FangYuan.h */; settings = {ATTRIBUTES = (Public, ); }; };
		09486A0D1D93B623006EB7CC /* FangYuan.framework in Frameworks */ = {isa = PBXBuildFile; fileRef = 09486A061D93B623006EB7CC /* FangYuan.framework */; };
		09486A0E1D93B623006EB7CC /* FangYuan.framework in Embed Frameworks */ = {isa = PBXBuildFile; fileRef = 09486A061D93B623006EB7CC /* FangYuan.framework */; settings = {ATTRIBUTES = (CodeSignOnCopy, RemoveHeadersOnCopy, ); }; };
		09486A1A1D93B643006EB7CC /* Assert.swift in Sources */ = {isa = PBXBuildFile; fileRef = 09486A131D93B643006EB7CC /* Assert.swift */; };
		09486A1B1D93B643006EB7CC /* Constraint.swift in Sources */ = {isa = PBXBuildFile; fileRef = 09486A141D93B643006EB7CC /* Constraint.swift */; };
		09486A1C1D93B643006EB7CC /* ConstraintManager.swift in Sources */ = {isa = PBXBuildFile; fileRef = 09486A151D93B643006EB7CC /* ConstraintManager.swift */; };
		09486A1D1D93B643006EB7CC /* Dispatch.swift in Sources */ = {isa = PBXBuildFile; fileRef = 09486A161D93B643006EB7CC /* Dispatch.swift */; };
		09486A1E1D93B643006EB7CC /* Ruler.swift in Sources */ = {isa = PBXBuildFile; fileRef = 09486A171D93B643006EB7CC /* Ruler.swift */; };
		09486A1F1D93B643006EB7CC /* UIView+FangYuan.swift in Sources */ = {isa = PBXBuildFile; fileRef = 09486A181D93B643006EB7CC /* UIView+FangYuan.swift */; };
		09486A201D93B643006EB7CC /* UIView+PrivateFangYuan.swift in Sources */ = {isa = PBXBuildFile; fileRef = 09486A191D93B643006EB7CC /* UIView+PrivateFangYuan.swift */; };
		09486A221D93B90B006EB7CC /* DemoSpecific.swift in Sources */ = {isa = PBXBuildFile; fileRef = 09486A211D93B90B006EB7CC /* DemoSpecific.swift */; };
		096A97731CAFA84A00497C1E /* AppDelegate.swift in Sources */ = {isa = PBXBuildFile; fileRef = 096A97721CAFA84A00497C1E /* AppDelegate.swift */; };
		096A97751CAFA84A00497C1E /* FYDListViewController.swift in Sources */ = {isa = PBXBuildFile; fileRef = 096A97741CAFA84A00497C1E /* FYDListViewController.swift */; };
		096A977A1CAFA84A00497C1E /* Assets.xcassets in Resources */ = {isa = PBXBuildFile; fileRef = 096A97791CAFA84A00497C1E /* Assets.xcassets */; };
		096A977D1CAFA84A00497C1E /* LaunchScreen.storyboard in Resources */ = {isa = PBXBuildFile; fileRef = 096A977B1CAFA84A00497C1E /* LaunchScreen.storyboard */; };
		097EDA6F1CBB765900A350F0 /* FangYuanTests.swift in Sources */ = {isa = PBXBuildFile; fileRef = 097EDA6E1CBB765900A350F0 /* FangYuanTests.swift */; };
		097EDA751CBB7C3300A350F0 /* TestHelper.swift in Sources */ = {isa = PBXBuildFile; fileRef = 097EDA741CBB7C3300A350F0 /* TestHelper.swift */; };
		0996DCF31CB9478A00612218 /* FYDReactiveCodeViewController.swift in Sources */ = {isa = PBXBuildFile; fileRef = 0996DCF21CB9478A00612218 /* FYDReactiveCodeViewController.swift */; };
		09BB85971CE2CC5D00AF4D15 /* FYDComplexTableViewController.swift in Sources */ = {isa = PBXBuildFile; fileRef = 09BB85961CE2CC5D00AF4D15 /* FYDComplexTableViewController.swift */; };
		09BB859A1CE2CC8C00AF4D15 /* FYDComplexTableViewCell.swift in Sources */ = {isa = PBXBuildFile; fileRef = 09BB85991CE2CC8C00AF4D15 /* FYDComplexTableViewCell.swift */; };
		09BB859C1CE2CD0F00AF4D15 /* FYDComplexDataSource.swift in Sources */ = {isa = PBXBuildFile; fileRef = 09BB859B1CE2CD0F00AF4D15 /* FYDComplexDataSource.swift */; };
		09DC5AD41CE5DB6800E2982B /* FYDCodeTableViewCell.swift in Sources */ = {isa = PBXBuildFile; fileRef = 09DC5AD31CE5DB6800E2982B /* FYDCodeTableViewCell.swift */; };
		09E4F6551CE20843002F54E4 /* FYDAnimationViewController.swift in Sources */ = {isa = PBXBuildFile; fileRef = 09E4F6541CE20843002F54E4 /* FYDAnimationViewController.swift */; };
		09F2EB6B1CD50AC800E4EA17 /* FYDChainViewController.swift in Sources */ = {isa = PBXBuildFile; fileRef = 09F2EB6A1CD50AC800E4EA17 /* FYDChainViewController.swift */; };
		09F439111CD0BA400058029F /* FYDRectViewController.swift in Sources */ = {isa = PBXBuildFile; fileRef = 09F439101CD0BA400058029F /* FYDRectViewController.swift */; };
/* End PBXBuildFile section */

/* Begin PBXContainerItemProxy section */
		09486A0B1D93B623006EB7CC /* PBXContainerItemProxy */ = {
			isa = PBXContainerItemProxy;
			containerPortal = 096A97671CAFA84900497C1E /* Project object */;
			proxyType = 1;
			remoteGlobalIDString = 09486A051D93B623006EB7CC;
			remoteInfo = FangYuan;
		};
/* End PBXContainerItemProxy section */

/* Begin PBXCopyFilesBuildPhase section */
		09486A121D93B623006EB7CC /* Embed Frameworks */ = {
			isa = PBXCopyFilesBuildPhase;
			buildActionMask = 2147483647;
			dstPath = "";
			dstSubfolderSpec = 10;
			files = (
				09486A0E1D93B623006EB7CC /* FangYuan.framework in Embed Frameworks */,
			);
			name = "Embed Frameworks";
			runOnlyForDeploymentPostprocessing = 0;
		};
/* End PBXCopyFilesBuildPhase section */

/* Begin PBXFileReference section */
		091AD4861D06B221009A7BB8 /* MONACO.TTF */ = {isa = PBXFileReference; lastKnownFileType = file; path = MONACO.TTF; sourceTree = "<group>"; };
		0932F1E11CB4F8F4009596F6 /* FYDDemoViewController.swift */ = {isa = PBXFileReference; fileEncoding = 4; lastKnownFileType = sourcecode.swift; path = FYDDemoViewController.swift; sourceTree = "<group>"; };
		0932F1E31CB4F90B009596F6 /* FYDDemoTableViewController.swift */ = {isa = PBXFileReference; fileEncoding = 4; lastKnownFileType = sourcecode.swift; path = FYDDemoTableViewController.swift; sourceTree = "<group>"; };
		093F1B2C1CE0D91500D23D70 /* FYDemoHelper.swift */ = {isa = PBXFileReference; fileEncoding = 4; lastKnownFileType = sourcecode.swift; path = FYDemoHelper.swift; sourceTree = "<group>"; };
		094105E11CD5296900EBF9BC /* FYDDemoTableViewCell.swift */ = {isa = PBXFileReference; fileEncoding = 4; lastKnownFileType = sourcecode.swift; path = FYDDemoTableViewCell.swift; sourceTree = "<group>"; };
		09486A061D93B623006EB7CC /* FangYuan.framework */ = {isa = PBXFileReference; explicitFileType = wrapper.framework; includeInIndex = 0; path = FangYuan.framework; sourceTree = BUILT_PRODUCTS_DIR; };
		09486A081D93B623006EB7CC /* FangYuan.h */ = {isa = PBXFileReference; lastKnownFileType = sourcecode.c.h; path = FangYuan.h; sourceTree = "<group>"; };
		09486A091D93B623006EB7CC /* Info.plist */ = {isa = PBXFileReference; lastKnownFileType = text.plist.xml; path = Info.plist; sourceTree = "<group>"; };
		09486A131D93B643006EB7CC /* Assert.swift */ = {isa = PBXFileReference; fileEncoding = 4; lastKnownFileType = sourcecode.swift; path = Assert.swift; sourceTree = "<group>"; };
		09486A141D93B643006EB7CC /* Constraint.swift */ = {isa = PBXFileReference; fileEncoding = 4; lastKnownFileType = sourcecode.swift; path = Constraint.swift; sourceTree = "<group>"; };
		09486A151D93B643006EB7CC /* ConstraintManager.swift */ = {isa = PBXFileReference; fileEncoding = 4; lastKnownFileType = sourcecode.swift; path = ConstraintManager.swift; sourceTree = "<group>"; };
		09486A161D93B643006EB7CC /* Dispatch.swift */ = {isa = PBXFileReference; fileEncoding = 4; lastKnownFileType = sourcecode.swift; path = Dispatch.swift; sourceTree = "<group>"; };
		09486A171D93B643006EB7CC /* Ruler.swift */ = {isa = PBXFileReference; fileEncoding = 4; lastKnownFileType = sourcecode.swift; path = Ruler.swift; sourceTree = "<group>"; };
		09486A181D93B643006EB7CC /* UIView+FangYuan.swift */ = {isa = PBXFileReference; fileEncoding = 4; lastKnownFileType = sourcecode.swift; path = "UIView+FangYuan.swift"; sourceTree = "<group>"; };
		09486A191D93B643006EB7CC /* UIView+PrivateFangYuan.swift */ = {isa = PBXFileReference; fileEncoding = 4; lastKnownFileType = sourcecode.swift; path = "UIView+PrivateFangYuan.swift"; sourceTree = "<group>"; };
		09486A211D93B90B006EB7CC /* DemoSpecific.swift */ = {isa = PBXFileReference; fileEncoding = 4; lastKnownFileType = sourcecode.swift; name = DemoSpecific.swift; path = OnlyForDemo/DemoSpecific.swift; sourceTree = "<group>"; };
		096A976F1CAFA84900497C1E /* FangYuanDemo.app */ = {isa = PBXFileReference; explicitFileType = wrapper.application; includeInIndex = 0; path = FangYuanDemo.app; sourceTree = BUILT_PRODUCTS_DIR; };
		096A97721CAFA84A00497C1E /* AppDelegate.swift */ = {isa = PBXFileReference; lastKnownFileType = sourcecode.swift; path = AppDelegate.swift; sourceTree = "<group>"; };
		096A97741CAFA84A00497C1E /* FYDListViewController.swift */ = {isa = PBXFileReference; lastKnownFileType = sourcecode.swift; path = FYDListViewController.swift; sourceTree = "<group>"; };
		096A97791CAFA84A00497C1E /* Assets.xcassets */ = {isa = PBXFileReference; lastKnownFileType = folder.assetcatalog; path = Assets.xcassets; sourceTree = "<group>"; };
		096A977C1CAFA84A00497C1E /* Base */ = {isa = PBXFileReference; lastKnownFileType = file.storyboard; name = Base; path = Base.lproj/LaunchScreen.storyboard; sourceTree = "<group>"; };
		096A977E1CAFA84A00497C1E /* Info.plist */ = {isa = PBXFileReference; lastKnownFileType = text.plist.xml; path = Info.plist; sourceTree = "<group>"; };
		097EDA6C1CBB765900A350F0 /* FangYuanTests.xctest */ = {isa = PBXFileReference; explicitFileType = wrapper.cfbundle; includeInIndex = 0; path = FangYuanTests.xctest; sourceTree = BUILT_PRODUCTS_DIR; };
		097EDA6E1CBB765900A350F0 /* FangYuanTests.swift */ = {isa = PBXFileReference; lastKnownFileType = sourcecode.swift; path = FangYuanTests.swift; sourceTree = "<group>"; };
		097EDA701CBB765900A350F0 /* Info.plist */ = {isa = PBXFileReference; lastKnownFileType = text.plist.xml; path = Info.plist; sourceTree = "<group>"; };
		097EDA741CBB7C3300A350F0 /* TestHelper.swift */ = {isa = PBXFileReference; fileEncoding = 4; lastKnownFileType = sourcecode.swift; path = TestHelper.swift; sourceTree = "<group>"; };
		0996DCF21CB9478A00612218 /* FYDReactiveCodeViewController.swift */ = {isa = PBXFileReference; fileEncoding = 4; lastKnownFileType = sourcecode.swift; path = FYDReactiveCodeViewController.swift; sourceTree = "<group>"; };
		09BB85961CE2CC5D00AF4D15 /* FYDComplexTableViewController.swift */ = {isa = PBXFileReference; fileEncoding = 4; lastKnownFileType = sourcecode.swift; path = FYDComplexTableViewController.swift; sourceTree = "<group>"; };
		09BB85991CE2CC8C00AF4D15 /* FYDComplexTableViewCell.swift */ = {isa = PBXFileReference; fileEncoding = 4; lastKnownFileType = sourcecode.swift; path = FYDComplexTableViewCell.swift; sourceTree = "<group>"; };
		09BB859B1CE2CD0F00AF4D15 /* FYDComplexDataSource.swift */ = {isa = PBXFileReference; fileEncoding = 4; lastKnownFileType = sourcecode.swift; path = FYDComplexDataSource.swift; sourceTree = "<group>"; };
		09DC5AD31CE5DB6800E2982B /* FYDCodeTableViewCell.swift */ = {isa = PBXFileReference; fileEncoding = 4; lastKnownFileType = sourcecode.swift; path = FYDCodeTableViewCell.swift; sourceTree = "<group>"; };
		09E4F6541CE20843002F54E4 /* FYDAnimationViewController.swift */ = {isa = PBXFileReference; fileEncoding = 4; lastKnownFileType = sourcecode.swift; path = FYDAnimationViewController.swift; sourceTree = "<group>"; };
		09F2EB6A1CD50AC800E4EA17 /* FYDChainViewController.swift */ = {isa = PBXFileReference; fileEncoding = 4; lastKnownFileType = sourcecode.swift; path = FYDChainViewController.swift; sourceTree = "<group>"; };
		09F439101CD0BA400058029F /* FYDRectViewController.swift */ = {isa = PBXFileReference; fileEncoding = 4; lastKnownFileType = sourcecode.swift; path = FYDRectViewController.swift; sourceTree = "<group>"; };
		2509C05C4E0B8EA5033E9391 /* Pods_FangYuanDemo.framework */ = {isa = PBXFileReference; explicitFileType = wrapper.framework; includeInIndex = 0; path = Pods_FangYuanDemo.framework; sourceTree = BUILT_PRODUCTS_DIR; };
		2B3E406CF93933AB10E94BE2 /* Pods-FangYuanDemo.release.xcconfig */ = {isa = PBXFileReference; includeInIndex = 1; lastKnownFileType = text.xcconfig; name = "Pods-FangYuanDemo.release.xcconfig"; path = "Pods/Target Support Files/Pods-FangYuanDemo/Pods-FangYuanDemo.release.xcconfig"; sourceTree = "<group>"; };
		E60C9A37AC1355C3C74BC09F /* Pods-FangYuanDemo.debug.xcconfig */ = {isa = PBXFileReference; includeInIndex = 1; lastKnownFileType = text.xcconfig; name = "Pods-FangYuanDemo.debug.xcconfig"; path = "Pods/Target Support Files/Pods-FangYuanDemo/Pods-FangYuanDemo.debug.xcconfig"; sourceTree = "<group>"; };
/* End PBXFileReference section */

/* Begin PBXFrameworksBuildPhase section */
		09486A021D93B623006EB7CC /* Frameworks */ = {
			isa = PBXFrameworksBuildPhase;
			buildActionMask = 2147483647;
			files = (
			);
			runOnlyForDeploymentPostprocessing = 0;
		};
		096A976C1CAFA84900497C1E /* Frameworks */ = {
			isa = PBXFrameworksBuildPhase;
			buildActionMask = 2147483647;
			files = (
				045FBD24C90EAD0E487DC69E /* Pods_FangYuanDemo.framework in Frameworks */,
				09486A0D1D93B623006EB7CC /* FangYuan.framework in Frameworks */,
			);
			runOnlyForDeploymentPostprocessing = 0;
		};
		097EDA691CBB765900A350F0 /* Frameworks */ = {
			isa = PBXFrameworksBuildPhase;
			buildActionMask = 2147483647;
			files = (
			);
			runOnlyForDeploymentPostprocessing = 0;
		};
/* End PBXFrameworksBuildPhase section */

/* Begin PBXGroup section */
		09486A071D93B623006EB7CC /* FangYuan */ = {
			isa = PBXGroup;
			children = (
				09486A081D93B623006EB7CC /* FangYuan.h */,
				09486A131D93B643006EB7CC /* Assert.swift */,
				09486A141D93B643006EB7CC /* Constraint.swift */,
				09486A151D93B643006EB7CC /* ConstraintManager.swift */,
				09486A161D93B643006EB7CC /* Dispatch.swift */,
				09486A171D93B643006EB7CC /* Ruler.swift */,
				09486A181D93B643006EB7CC /* UIView+FangYuan.swift */,
				09486A191D93B643006EB7CC /* UIView+PrivateFangYuan.swift */,
				09486A211D93B90B006EB7CC /* DemoSpecific.swift */,
				09486A091D93B623006EB7CC /* Info.plist */,
			);
			path = FangYuan;
			sourceTree = "<group>";
		};
		096A97661CAFA84900497C1E = {
			isa = PBXGroup;
			children = (
				096A97711CAFA84A00497C1E /* FangYuanDemo */,
				097EDA6D1CBB765900A350F0 /* FangYuanTests */,
				09486A071D93B623006EB7CC /* FangYuan */,
				096A97701CAFA84900497C1E /* Products */,
				499CF96A6587EE33F142A71A /* Pods */,
				3630FACFA7A8A8C79F6EB2B7 /* Frameworks */,
			);
			sourceTree = "<group>";
		};
		096A97701CAFA84900497C1E /* Products */ = {
			isa = PBXGroup;
			children = (
				096A976F1CAFA84900497C1E /* FangYuanDemo.app */,
				097EDA6C1CBB765900A350F0 /* FangYuanTests.xctest */,
				09486A061D93B623006EB7CC /* FangYuan.framework */,
			);
			name = Products;
			sourceTree = "<group>";
		};
		096A97711CAFA84A00497C1E /* FangYuanDemo */ = {
			isa = PBXGroup;
			children = (
				096A97721CAFA84A00497C1E /* AppDelegate.swift */,
				096A97741CAFA84A00497C1E /* FYDListViewController.swift */,
				09BB85931CE2CBF100AF4D15 /* ViewController */,
				09DC5AD21CE5DB4100E2982B /* RectCode */,
				09BB85941CE2CC0900AF4D15 /* Chain */,
				09BB85921CE2CBBC00AF4D15 /* SimpleTableView */,
				09BB85951CE2CC2000AF4D15 /* Animation */,
				09BB85981CE2CC6D00AF4D15 /* ComplexTableView */,
				0996DCF21CB9478A00612218 /* FYDReactiveCodeViewController.swift */,
				093F1B2C1CE0D91500D23D70 /* FYDemoHelper.swift */,
				096A97791CAFA84A00497C1E /* Assets.xcassets */,
				096A977B1CAFA84A00497C1E /* LaunchScreen.storyboard */,
				091AD4861D06B221009A7BB8 /* MONACO.TTF */,
				096A977E1CAFA84A00497C1E /* Info.plist */,
			);
			path = FangYuanDemo;
			sourceTree = "<group>";
		};
		097EDA6D1CBB765900A350F0 /* FangYuanTests */ = {
			isa = PBXGroup;
			children = (
				097EDA6E1CBB765900A350F0 /* FangYuanTests.swift */,
				097EDA741CBB7C3300A350F0 /* TestHelper.swift */,
				097EDA701CBB765900A350F0 /* Info.plist */,
			);
			path = FangYuanTests;
			sourceTree = "<group>";
		};
		09BB85921CE2CBBC00AF4D15 /* SimpleTableView */ = {
			isa = PBXGroup;
			children = (
				0932F1E31CB4F90B009596F6 /* FYDDemoTableViewController.swift */,
				094105E11CD5296900EBF9BC /* FYDDemoTableViewCell.swift */,
			);
			name = SimpleTableView;
			sourceTree = "<group>";
		};
		09BB85931CE2CBF100AF4D15 /* ViewController */ = {
			isa = PBXGroup;
			children = (
				0932F1E11CB4F8F4009596F6 /* FYDDemoViewController.swift */,
			);
			name = ViewController;
			sourceTree = "<group>";
		};
		09BB85941CE2CC0900AF4D15 /* Chain */ = {
			isa = PBXGroup;
			children = (
				09F2EB6A1CD50AC800E4EA17 /* FYDChainViewController.swift */,
			);
			name = Chain;
			sourceTree = "<group>";
		};
		09BB85951CE2CC2000AF4D15 /* Animation */ = {
			isa = PBXGroup;
			children = (
				09E4F6541CE20843002F54E4 /* FYDAnimationViewController.swift */,
			);
			name = Animation;
			sourceTree = "<group>";
		};
		09BB85981CE2CC6D00AF4D15 /* ComplexTableView */ = {
			isa = PBXGroup;
			children = (
				09BB85961CE2CC5D00AF4D15 /* FYDComplexTableViewController.swift */,
				09BB85991CE2CC8C00AF4D15 /* FYDComplexTableViewCell.swift */,
				09BB859B1CE2CD0F00AF4D15 /* FYDComplexDataSource.swift */,
			);
			name = ComplexTableView;
			sourceTree = "<group>";
		};
		09DC5AD21CE5DB4100E2982B /* RectCode */ = {
			isa = PBXGroup;
			children = (
				09F439101CD0BA400058029F /* FYDRectViewController.swift */,
				09DC5AD31CE5DB6800E2982B /* FYDCodeTableViewCell.swift */,
			);
			name = RectCode;
			sourceTree = "<group>";
		};
		3630FACFA7A8A8C79F6EB2B7 /* Frameworks */ = {
			isa = PBXGroup;
			children = (
				2509C05C4E0B8EA5033E9391 /* Pods_FangYuanDemo.framework */,
			);
			name = Frameworks;
			sourceTree = "<group>";
		};
		499CF96A6587EE33F142A71A /* Pods */ = {
			isa = PBXGroup;
			children = (
				E60C9A37AC1355C3C74BC09F /* Pods-FangYuanDemo.debug.xcconfig */,
				2B3E406CF93933AB10E94BE2 /* Pods-FangYuanDemo.release.xcconfig */,
			);
			name = Pods;
			sourceTree = "<group>";
		};
/* End PBXGroup section */

/* Begin PBXHeadersBuildPhase section */
		09486A031D93B623006EB7CC /* Headers */ = {
			isa = PBXHeadersBuildPhase;
			buildActionMask = 2147483647;
			files = (
				09486A0A1D93B623006EB7CC /* FangYuan.h in Headers */,
			);
			runOnlyForDeploymentPostprocessing = 0;
		};
/* End PBXHeadersBuildPhase section */

/* Begin PBXNativeTarget section */
		09486A051D93B623006EB7CC /* FangYuan */ = {
			isa = PBXNativeTarget;
			buildConfigurationList = 09486A111D93B623006EB7CC /* Build configuration list for PBXNativeTarget "FangYuan" */;
			buildPhases = (
				09486A011D93B623006EB7CC /* Sources */,
				09486A021D93B623006EB7CC /* Frameworks */,
				09486A031D93B623006EB7CC /* Headers */,
				09486A041D93B623006EB7CC /* Resources */,
			);
			buildRules = (
			);
			dependencies = (
			);
			name = FangYuan;
			productName = FangYuan;
			productReference = 09486A061D93B623006EB7CC /* FangYuan.framework */;
			productType = "com.apple.product-type.framework";
		};
		096A976E1CAFA84900497C1E /* FangYuanDemo */ = {
			isa = PBXNativeTarget;
			buildConfigurationList = 096A97811CAFA84A00497C1E /* Build configuration list for PBXNativeTarget "FangYuanDemo" */;
			buildPhases = (
				1FCF7A65EFCC5D9F40FA15B4 /* [CP] Check Pods Manifest.lock */,
				096A976B1CAFA84900497C1E /* Sources */,
				096A976C1CAFA84900497C1E /* Frameworks */,
				096A976D1CAFA84900497C1E /* Resources */,
				C8420A26AAEDE2E449D9E568 /* [CP] Embed Pods Frameworks */,
				05193EB08090A974DA9EE17E /* [CP] Copy Pods Resources */,
				09486A121D93B623006EB7CC /* Embed Frameworks */,
			);
			buildRules = (
			);
			dependencies = (
				09486A0C1D93B623006EB7CC /* PBXTargetDependency */,
			);
			name = FangYuanDemo;
			productName = FangYuanDemo;
			productReference = 096A976F1CAFA84900497C1E /* FangYuanDemo.app */;
			productType = "com.apple.product-type.application";
		};
		097EDA6B1CBB765900A350F0 /* FangYuanTests */ = {
			isa = PBXNativeTarget;
			buildConfigurationList = 097EDA731CBB765900A350F0 /* Build configuration list for PBXNativeTarget "FangYuanTests" */;
			buildPhases = (
				097EDA681CBB765900A350F0 /* Sources */,
				097EDA691CBB765900A350F0 /* Frameworks */,
				097EDA6A1CBB765900A350F0 /* Resources */,
			);
			buildRules = (
			);
			dependencies = (
			);
			name = FangYuanTests;
			productName = FangYuanTests;
			productReference = 097EDA6C1CBB765900A350F0 /* FangYuanTests.xctest */;
			productType = "com.apple.product-type.bundle.unit-test";
		};
/* End PBXNativeTarget section */

/* Begin PBXProject section */
		096A97671CAFA84900497C1E /* Project object */ = {
			isa = PBXProject;
			attributes = {
				LastSwiftUpdateCheck = 0730;
				LastUpgradeCheck = 0800;
				ORGANIZATIONNAME = "王策";
				TargetAttributes = {
					09486A051D93B623006EB7CC = {
						CreatedOnToolsVersion = 8.0;
						LastSwiftMigration = 0800;
						ProvisioningStyle = Automatic;
					};
					096A976E1CAFA84900497C1E = {
						CreatedOnToolsVersion = 7.3;
						LastSwiftMigration = 0800;
					};
					097EDA6B1CBB765900A350F0 = {
						CreatedOnToolsVersion = 7.3;
					};
				};
			};
			buildConfigurationList = 096A976A1CAFA84900497C1E /* Build configuration list for PBXProject "FangYuanDemo" */;
			compatibilityVersion = "Xcode 3.2";
			developmentRegion = English;
			hasScannedForEncodings = 0;
			knownRegions = (
				en,
				Base,
			);
			mainGroup = 096A97661CAFA84900497C1E;
			productRefGroup = 096A97701CAFA84900497C1E /* Products */;
			projectDirPath = "";
			projectRoot = "";
			targets = (
				096A976E1CAFA84900497C1E /* FangYuanDemo */,
				097EDA6B1CBB765900A350F0 /* FangYuanTests */,
				09486A051D93B623006EB7CC /* FangYuan */,
			);
		};
/* End PBXProject section */

/* Begin PBXResourcesBuildPhase section */
		09486A041D93B623006EB7CC /* Resources */ = {
			isa = PBXResourcesBuildPhase;
			buildActionMask = 2147483647;
			files = (
			);
			runOnlyForDeploymentPostprocessing = 0;
		};
		096A976D1CAFA84900497C1E /* Resources */ = {
			isa = PBXResourcesBuildPhase;
			buildActionMask = 2147483647;
			files = (
				096A977D1CAFA84A00497C1E /* LaunchScreen.storyboard in Resources */,
				096A977A1CAFA84A00497C1E /* Assets.xcassets in Resources */,
				091AD4871D06B221009A7BB8 /* MONACO.TTF in Resources */,
			);
			runOnlyForDeploymentPostprocessing = 0;
		};
		097EDA6A1CBB765900A350F0 /* Resources */ = {
			isa = PBXResourcesBuildPhase;
			buildActionMask = 2147483647;
			files = (
			);
			runOnlyForDeploymentPostprocessing = 0;
		};
/* End PBXResourcesBuildPhase section */

/* Begin PBXShellScriptBuildPhase section */
		05193EB08090A974DA9EE17E /* [CP] Copy Pods Resources */ = {
			isa = PBXShellScriptBuildPhase;
			buildActionMask = 2147483647;
			files = (
			);
			inputPaths = (
			);
			name = "[CP] Copy Pods Resources";
			outputPaths = (
			);
			runOnlyForDeploymentPostprocessing = 0;
			shellPath = /bin/sh;
			shellScript = "\"${SRCROOT}/Pods/Target Support Files/Pods-FangYuanDemo/Pods-FangYuanDemo-resources.sh\"\n";
			showEnvVarsInLog = 0;
		};
		1FCF7A65EFCC5D9F40FA15B4 /* [CP] Check Pods Manifest.lock */ = {
			isa = PBXShellScriptBuildPhase;
			buildActionMask = 2147483647;
			files = (
			);
			inputPaths = (
			);
			name = "[CP] Check Pods Manifest.lock";
			outputPaths = (
			);
			runOnlyForDeploymentPostprocessing = 0;
			shellPath = /bin/sh;
			shellScript = "diff \"${PODS_ROOT}/../Podfile.lock\" \"${PODS_ROOT}/Manifest.lock\" > /dev/null\nif [ $? != 0 ] ; then\n    # print error to STDERR\n    echo \"error: The sandbox is not in sync with the Podfile.lock. Run 'pod install' or update your CocoaPods installation.\" >&2\n    exit 1\nfi\n";
			showEnvVarsInLog = 0;
		};
		C8420A26AAEDE2E449D9E568 /* [CP] Embed Pods Frameworks */ = {
			isa = PBXShellScriptBuildPhase;
			buildActionMask = 2147483647;
			files = (
			);
			inputPaths = (
			);
			name = "[CP] Embed Pods Frameworks";
			outputPaths = (
			);
			runOnlyForDeploymentPostprocessing = 0;
			shellPath = /bin/sh;
			shellScript = "\"${SRCROOT}/Pods/Target Support Files/Pods-FangYuanDemo/Pods-FangYuanDemo-frameworks.sh\"\n";
			showEnvVarsInLog = 0;
		};
/* End PBXShellScriptBuildPhase section */

/* Begin PBXSourcesBuildPhase section */
		09486A011D93B623006EB7CC /* Sources */ = {
			isa = PBXSourcesBuildPhase;
			buildActionMask = 2147483647;
			files = (
				09486A221D93B90B006EB7CC /* DemoSpecific.swift in Sources */,
				09486A1B1D93B643006EB7CC /* Constraint.swift in Sources */,
				09486A1F1D93B643006EB7CC /* UIView+FangYuan.swift in Sources */,
				09486A1D1D93B643006EB7CC /* Dispatch.swift in Sources */,
				09486A1A1D93B643006EB7CC /* Assert.swift in Sources */,
				09486A1E1D93B643006EB7CC /* Ruler.swift in Sources */,
				09486A1C1D93B643006EB7CC /* ConstraintManager.swift in Sources */,
				09486A201D93B643006EB7CC /* UIView+PrivateFangYuan.swift in Sources */,
			);
			runOnlyForDeploymentPostprocessing = 0;
		};
		096A976B1CAFA84900497C1E /* Sources */ = {
			isa = PBXSourcesBuildPhase;
			buildActionMask = 2147483647;
			files = (
				0932F1E41CB4F90B009596F6 /* FYDDemoTableViewController.swift in Sources */,
				09BB859C1CE2CD0F00AF4D15 /* FYDComplexDataSource.swift in Sources */,
				09E4F6551CE20843002F54E4 /* FYDAnimationViewController.swift in Sources */,
				093F1B2D1CE0D91500D23D70 /* FYDemoHelper.swift in Sources */,
				096A97751CAFA84A00497C1E /* FYDListViewController.swift in Sources */,
				096A97731CAFA84A00497C1E /* AppDelegate.swift in Sources */,
				09F2EB6B1CD50AC800E4EA17 /* FYDChainViewController.swift in Sources */,
				0996DCF31CB9478A00612218 /* FYDReactiveCodeViewController.swift in Sources */,
				09BB85971CE2CC5D00AF4D15 /* FYDComplexTableViewController.swift in Sources */,
				09F439111CD0BA400058029F /* FYDRectViewController.swift in Sources */,
				09DC5AD41CE5DB6800E2982B /* FYDCodeTableViewCell.swift in Sources */,
				094105E21CD5296900EBF9BC /* FYDDemoTableViewCell.swift in Sources */,
				0932F1E21CB4F8F4009596F6 /* FYDDemoViewController.swift in Sources */,
				09BB859A1CE2CC8C00AF4D15 /* FYDComplexTableViewCell.swift in Sources */,
			);
			runOnlyForDeploymentPostprocessing = 0;
		};
		097EDA681CBB765900A350F0 /* Sources */ = {
			isa = PBXSourcesBuildPhase;
			buildActionMask = 2147483647;
			files = (
				097EDA6F1CBB765900A350F0 /* FangYuanTests.swift in Sources */,
				097EDA751CBB7C3300A350F0 /* TestHelper.swift in Sources */,
			);
			runOnlyForDeploymentPostprocessing = 0;
		};
/* End PBXSourcesBuildPhase section */

/* Begin PBXTargetDependency section */
		09486A0C1D93B623006EB7CC /* PBXTargetDependency */ = {
			isa = PBXTargetDependency;
			target = 09486A051D93B623006EB7CC /* FangYuan */;
			targetProxy = 09486A0B1D93B623006EB7CC /* PBXContainerItemProxy */;
		};
/* End PBXTargetDependency section */

/* Begin PBXVariantGroup section */
		096A977B1CAFA84A00497C1E /* LaunchScreen.storyboard */ = {
			isa = PBXVariantGroup;
			children = (
				096A977C1CAFA84A00497C1E /* Base */,
			);
			name = LaunchScreen.storyboard;
			sourceTree = "<group>";
		};
/* End PBXVariantGroup section */

/* Begin XCBuildConfiguration section */
		09486A0F1D93B623006EB7CC /* Debug */ = {
			isa = XCBuildConfiguration;
			buildSettings = {
				CLANG_ENABLE_MODULES = YES;
				CLANG_WARN_DOCUMENTATION_COMMENTS = YES;
				CLANG_WARN_SUSPICIOUS_MOVES = YES;
				CODE_SIGN_IDENTITY = "iPhone Developer";
				"CODE_SIGN_IDENTITY[sdk=iphoneos*]" = "";
				CURRENT_PROJECT_VERSION = 1;
				DEFINES_MODULE = YES;
				DYLIB_COMPATIBILITY_VERSION = 1;
				DYLIB_CURRENT_VERSION = 1;
				DYLIB_INSTALL_NAME_BASE = "@rpath";
				INFOPLIST_FILE = FangYuan/Info.plist;
				INSTALL_PATH = "$(LOCAL_LIBRARY_DIR)/Frameworks";
				IPHONEOS_DEPLOYMENT_TARGET = 8.0;
				LD_RUNPATH_SEARCH_PATHS = "$(inherited) @executable_path/Frameworks @loader_path/Frameworks";
				PRODUCT_BUNDLE_IDENTIFIER = HaloWang.FangYuan;
				PRODUCT_NAME = "$(TARGET_NAME)";
				SKIP_INSTALL = YES;
				SWIFT_ACTIVE_COMPILATION_CONDITIONS = DEBUG;
				SWIFT_OPTIMIZATION_LEVEL = "-Onone";
				SWIFT_VERSION = 3.0;
				TARGETED_DEVICE_FAMILY = "1,2";
				VERSIONING_SYSTEM = "apple-generic";
				VERSION_INFO_PREFIX = "";
			};
			name = Debug;
		};
		09486A101D93B623006EB7CC /* Release */ = {
			isa = XCBuildConfiguration;
			buildSettings = {
				CLANG_ENABLE_MODULES = YES;
				CLANG_WARN_DOCUMENTATION_COMMENTS = YES;
				CLANG_WARN_SUSPICIOUS_MOVES = YES;
				CODE_SIGN_IDENTITY = "iPhone Developer";
				"CODE_SIGN_IDENTITY[sdk=iphoneos*]" = "";
				CURRENT_PROJECT_VERSION = 1;
				DEFINES_MODULE = YES;
				DYLIB_COMPATIBILITY_VERSION = 1;
				DYLIB_CURRENT_VERSION = 1;
				DYLIB_INSTALL_NAME_BASE = "@rpath";
				INFOPLIST_FILE = FangYuan/Info.plist;
				INSTALL_PATH = "$(LOCAL_LIBRARY_DIR)/Frameworks";
				IPHONEOS_DEPLOYMENT_TARGET = 8.0;
				LD_RUNPATH_SEARCH_PATHS = "$(inherited) @executable_path/Frameworks @loader_path/Frameworks";
				PRODUCT_BUNDLE_IDENTIFIER = HaloWang.FangYuan;
				PRODUCT_NAME = "$(TARGET_NAME)";
				SKIP_INSTALL = YES;
				SWIFT_VERSION = 3.0;
				TARGETED_DEVICE_FAMILY = "1,2";
				VERSIONING_SYSTEM = "apple-generic";
				VERSION_INFO_PREFIX = "";
			};
			name = Release;
		};
		096A977F1CAFA84A00497C1E /* Debug */ = {
			isa = XCBuildConfiguration;
			buildSettings = {
				ALWAYS_SEARCH_USER_PATHS = NO;
				CLANG_ANALYZER_NONNULL = YES;
				CLANG_CXX_LANGUAGE_STANDARD = "gnu++0x";
				CLANG_CXX_LIBRARY = "libc++";
				CLANG_ENABLE_MODULES = YES;
				CLANG_ENABLE_OBJC_ARC = YES;
				CLANG_WARN_BOOL_CONVERSION = YES;
				CLANG_WARN_CONSTANT_CONVERSION = YES;
				CLANG_WARN_DIRECT_OBJC_ISA_USAGE = YES_ERROR;
				CLANG_WARN_EMPTY_BODY = YES;
				CLANG_WARN_ENUM_CONVERSION = YES;
				CLANG_WARN_INFINITE_RECURSION = YES;
				CLANG_WARN_INT_CONVERSION = YES;
				CLANG_WARN_OBJC_ROOT_CLASS = YES_ERROR;
				CLANG_WARN_SUSPICIOUS_MOVE = YES;
				CLANG_WARN_UNREACHABLE_CODE = YES;
				CLANG_WARN__DUPLICATE_METHOD_MATCH = YES;
				"CODE_SIGN_IDENTITY[sdk=iphoneos*]" = "iPhone Developer";
				COPY_PHASE_STRIP = NO;
				DEBUG_INFORMATION_FORMAT = dwarf;
				ENABLE_STRICT_OBJC_MSGSEND = YES;
				ENABLE_TESTABILITY = YES;
				GCC_C_LANGUAGE_STANDARD = gnu99;
				GCC_DYNAMIC_NO_PIC = NO;
				GCC_NO_COMMON_BLOCKS = YES;
				GCC_OPTIMIZATION_LEVEL = 0;
				GCC_PREPROCESSOR_DEFINITIONS = (
					"DEBUG=1",
					"$(inherited)",
				);
				GCC_WARN_64_TO_32_BIT_CONVERSION = YES;
				GCC_WARN_ABOUT_RETURN_TYPE = YES_ERROR;
				GCC_WARN_UNDECLARED_SELECTOR = YES;
				GCC_WARN_UNINITIALIZED_AUTOS = YES_AGGRESSIVE;
				GCC_WARN_UNUSED_FUNCTION = YES;
				GCC_WARN_UNUSED_VARIABLE = YES;
				IPHONEOS_DEPLOYMENT_TARGET = 9.3;
				MTL_ENABLE_DEBUG_INFO = YES;
				ONLY_ACTIVE_ARCH = YES;
				SDKROOT = iphoneos;
				SWIFT_OPTIMIZATION_LEVEL = "-Onone";
			};
			name = Debug;
		};
		096A97801CAFA84A00497C1E /* Release */ = {
			isa = XCBuildConfiguration;
			buildSettings = {
				ALWAYS_SEARCH_USER_PATHS = NO;
				CLANG_ANALYZER_NONNULL = YES;
				CLANG_CXX_LANGUAGE_STANDARD = "gnu++0x";
				CLANG_CXX_LIBRARY = "libc++";
				CLANG_ENABLE_MODULES = YES;
				CLANG_ENABLE_OBJC_ARC = YES;
				CLANG_WARN_BOOL_CONVERSION = YES;
				CLANG_WARN_CONSTANT_CONVERSION = YES;
				CLANG_WARN_DIRECT_OBJC_ISA_USAGE = YES_ERROR;
				CLANG_WARN_EMPTY_BODY = YES;
				CLANG_WARN_ENUM_CONVERSION = YES;
				CLANG_WARN_INFINITE_RECURSION = YES;
				CLANG_WARN_INT_CONVERSION = YES;
				CLANG_WARN_OBJC_ROOT_CLASS = YES_ERROR;
				CLANG_WARN_SUSPICIOUS_MOVE = YES;
				CLANG_WARN_UNREACHABLE_CODE = YES;
				CLANG_WARN__DUPLICATE_METHOD_MATCH = YES;
				"CODE_SIGN_IDENTITY[sdk=iphoneos*]" = "iPhone Developer";
				COPY_PHASE_STRIP = NO;
				DEBUG_INFORMATION_FORMAT = "dwarf-with-dsym";
				ENABLE_NS_ASSERTIONS = NO;
				ENABLE_STRICT_OBJC_MSGSEND = YES;
				GCC_C_LANGUAGE_STANDARD = gnu99;
				GCC_NO_COMMON_BLOCKS = YES;
				GCC_WARN_64_TO_32_BIT_CONVERSION = YES;
				GCC_WARN_ABOUT_RETURN_TYPE = YES_ERROR;
				GCC_WARN_UNDECLARED_SELECTOR = YES;
				GCC_WARN_UNINITIALIZED_AUTOS = YES_AGGRESSIVE;
				GCC_WARN_UNUSED_FUNCTION = YES;
				GCC_WARN_UNUSED_VARIABLE = YES;
				IPHONEOS_DEPLOYMENT_TARGET = 9.3;
				MTL_ENABLE_DEBUG_INFO = NO;
				SDKROOT = iphoneos;
				SWIFT_OPTIMIZATION_LEVEL = "-Owholemodule";
				VALIDATE_PRODUCT = YES;
			};
			name = Release;
		};
		096A97821CAFA84A00497C1E /* Debug */ = {
			isa = XCBuildConfiguration;
			baseConfigurationReference = E60C9A37AC1355C3C74BC09F /* Pods-FangYuanDemo.debug.xcconfig */;
			buildSettings = {
				ALWAYS_EMBED_SWIFT_STANDARD_LIBRARIES = YES;
				ASSETCATALOG_COMPILER_APPICON_NAME = AppIcon;
				CODE_SIGN_IDENTITY = "iPhone Developer";
				INFOPLIST_FILE = FangYuanDemo/Info.plist;
				IPHONEOS_DEPLOYMENT_TARGET = 8.0;
				LD_RUNPATH_SEARCH_PATHS = "$(inherited) @executable_path/Frameworks";
				ONLY_ACTIVE_ARCH = YES;
				PRODUCT_BUNDLE_IDENTIFIER = WangCe.FangYuanDemo;
				PRODUCT_NAME = "$(TARGET_NAME)";
				SWIFT_VERSION = 3.0;
			};
			name = Debug;
		};
		096A97831CAFA84A00497C1E /* Release */ = {
			isa = XCBuildConfiguration;
			baseConfigurationReference = 2B3E406CF93933AB10E94BE2 /* Pods-FangYuanDemo.release.xcconfig */;
			buildSettings = {
				ALWAYS_EMBED_SWIFT_STANDARD_LIBRARIES = YES;
				ASSETCATALOG_COMPILER_APPICON_NAME = AppIcon;
				CODE_SIGN_IDENTITY = "iPhone Developer";
				INFOPLIST_FILE = FangYuanDemo/Info.plist;
				IPHONEOS_DEPLOYMENT_TARGET = 8.0;
				LD_RUNPATH_SEARCH_PATHS = "$(inherited) @executable_path/Frameworks";
				ONLY_ACTIVE_ARCH = YES;
				PRODUCT_BUNDLE_IDENTIFIER = WangCe.FangYuanDemo;
				PRODUCT_NAME = "$(TARGET_NAME)";
				SWIFT_VERSION = 3.0;
			};
			name = Release;
		};
		097EDA711CBB765900A350F0 /* Debug */ = {
			isa = XCBuildConfiguration;
			buildSettings = {
				INFOPLIST_FILE = FangYuanTests/Info.plist;
				LD_RUNPATH_SEARCH_PATHS = "$(inherited) @executable_path/Frameworks @loader_path/Frameworks";
				PRODUCT_BUNDLE_IDENTIFIER = WangCe.FangYuanTests;
				PRODUCT_NAME = "$(TARGET_NAME)";
			};
			name = Debug;
		};
		097EDA721CBB765900A350F0 /* Release */ = {
			isa = XCBuildConfiguration;
			buildSettings = {
				INFOPLIST_FILE = FangYuanTests/Info.plist;
				LD_RUNPATH_SEARCH_PATHS = "$(inherited) @executable_path/Frameworks @loader_path/Frameworks";
				PRODUCT_BUNDLE_IDENTIFIER = WangCe.FangYuanTests;
				PRODUCT_NAME = "$(TARGET_NAME)";
			};
			name = Release;
		};
/* End XCBuildConfiguration section */

/* Begin XCConfigurationList section */
		09486A111D93B623006EB7CC /* Build configuration list for PBXNativeTarget "FangYuan" */ = {
			isa = XCConfigurationList;
			buildConfigurations = (
				09486A0F1D93B623006EB7CC /* Debug */,
				09486A101D93B623006EB7CC /* Release */,
			);
			defaultConfigurationIsVisible = 0;
			defaultConfigurationName = Release;
		};
		096A976A1CAFA84900497C1E /* Build configuration list for PBXProject "FangYuanDemo" */ = {
			isa = XCConfigurationList;
			buildConfigurations = (
				096A977F1CAFA84A00497C1E /* Debug */,
				096A97801CAFA84A00497C1E /* Release */,
			);
			defaultConfigurationIsVisible = 0;
			defaultConfigurationName = Release;
		};
		096A97811CAFA84A00497C1E /* Build configuration list for PBXNativeTarget "FangYuanDemo" */ = {
			isa = XCConfigurationList;
			buildConfigurations = (
				096A97821CAFA84A00497C1E /* Debug */,
				096A97831CAFA84A00497C1E /* Release */,
			);
			defaultConfigurationIsVisible = 0;
			defaultConfigurationName = Release;
		};
		097EDA731CBB765900A350F0 /* Build configuration list for PBXNativeTarget "FangYuanTests" */ = {
			isa = XCConfigurationList;
			buildConfigurations = (
				097EDA711CBB765900A350F0 /* Debug */,
				097EDA721CBB765900A350F0 /* Release */,
			);
			defaultConfigurationIsVisible = 0;
			defaultConfigurationName = Release;
		};
/* End XCConfigurationList section */
	};
	rootObject = 096A97671CAFA84900497C1E /* Project object */;
}
