<?xml version="1.0" encoding="UTF-8"?>
<!DOCTYPE plist PUBLIC "-//Apple//DTD PLIST 1.0//EN" "http://www.apple.com/DTDs/PropertyList-1.0.dtd">
<plist version="1.0">
<dict>
	<key>archiveVersion</key>
	<string>1</string>
	<key>classes</key>
	<dict/>
	<key>objectVersion</key>
	<string>46</string>
	<key>objects</key>
	<dict>
		<key>047C189DFD5C463881462F72</key>
		<dict>
			<key>includeInIndex</key>
			<string>1</string>
			<key>isa</key>
			<string>PBXFileReference</string>
			<key>lastKnownFileType</key>
			<string>text.xcconfig</string>
			<key>name</key>
			<string>Pods-FangYuanDemo.release.xcconfig</string>
			<key>path</key>
			<string>Pods/Target Support Files/Pods-FangYuanDemo/Pods-FangYuanDemo.release.xcconfig</string>
			<key>sourceTree</key>
			<string>&lt;group&gt;</string>
		</dict>
		<key>0932F1E11CB4F8F4009596F6</key>
		<dict>
			<key>fileEncoding</key>
			<string>4</string>
			<key>isa</key>
			<string>PBXFileReference</string>
			<key>lastKnownFileType</key>
			<string>sourcecode.swift</string>
			<key>path</key>
			<string>FYDDemoViewController.swift</string>
			<key>sourceTree</key>
			<string>&lt;group&gt;</string>
		</dict>
		<key>0932F1E21CB4F8F4009596F6</key>
		<dict>
			<key>fileRef</key>
			<string>0932F1E11CB4F8F4009596F6</string>
			<key>isa</key>
			<string>PBXBuildFile</string>
		</dict>
		<key>0932F1E31CB4F90B009596F6</key>
		<dict>
			<key>fileEncoding</key>
			<string>4</string>
			<key>isa</key>
			<string>PBXFileReference</string>
			<key>lastKnownFileType</key>
			<string>sourcecode.swift</string>
			<key>path</key>
			<string>FYDDemoTableViewController.swift</string>
			<key>sourceTree</key>
			<string>&lt;group&gt;</string>
		</dict>
		<key>0932F1E41CB4F90B009596F6</key>
		<dict>
			<key>fileRef</key>
			<string>0932F1E31CB4F90B009596F6</string>
			<key>isa</key>
			<string>PBXBuildFile</string>
		</dict>
		<key>093F1B2C1CE0D91500D23D70</key>
		<dict>
			<key>fileEncoding</key>
			<string>4</string>
			<key>isa</key>
			<string>PBXFileReference</string>
			<key>lastKnownFileType</key>
			<string>sourcecode.swift</string>
			<key>path</key>
			<string>FYDemoHelper.swift</string>
			<key>sourceTree</key>
			<string>&lt;group&gt;</string>
		</dict>
		<key>093F1B2D1CE0D91500D23D70</key>
		<dict>
			<key>fileRef</key>
			<string>093F1B2C1CE0D91500D23D70</string>
			<key>isa</key>
			<string>PBXBuildFile</string>
		</dict>
		<key>094105E11CD5296900EBF9BC</key>
		<dict>
			<key>fileEncoding</key>
			<string>4</string>
			<key>isa</key>
			<string>PBXFileReference</string>
			<key>lastKnownFileType</key>
			<string>sourcecode.swift</string>
			<key>path</key>
			<string>FYDDemoTableViewCell.swift</string>
			<key>sourceTree</key>
			<string>&lt;group&gt;</string>
		</dict>
		<key>094105E21CD5296900EBF9BC</key>
		<dict>
			<key>fileRef</key>
			<string>094105E11CD5296900EBF9BC</string>
			<key>isa</key>
			<string>PBXBuildFile</string>
		</dict>
		<key>096A97661CAFA84900497C1E</key>
		<dict>
			<key>children</key>
			<array>
				<string>096A97711CAFA84A00497C1E</string>
				<string>097EDA6D1CBB765900A350F0</string>
				<string>096A97701CAFA84900497C1E</string>
				<string>768E4709872ED99AD41FE4F9</string>
				<string>96E5B70FD5F63FB9817AF05C</string>
			</array>
			<key>isa</key>
			<string>PBXGroup</string>
			<key>sourceTree</key>
			<string>&lt;group&gt;</string>
		</dict>
		<key>096A97671CAFA84900497C1E</key>
		<dict>
			<key>attributes</key>
			<dict>
				<key>LastSwiftUpdateCheck</key>
				<string>0730</string>
				<key>LastUpgradeCheck</key>
				<string>0730</string>
				<key>ORGANIZATIONNAME</key>
				<string>&#29579;&#31574;</string>
				<key>TargetAttributes</key>
				<dict>
					<key>096A976E1CAFA84900497C1E</key>
					<dict>
						<key>CreatedOnToolsVersion</key>
						<string>7.3</string>
					</dict>
					<key>097EDA6B1CBB765900A350F0</key>
					<dict>
						<key>CreatedOnToolsVersion</key>
						<string>7.3</string>
					</dict>
				</dict>
			</dict>
			<key>buildConfigurationList</key>
			<string>096A976A1CAFA84900497C1E</string>
			<key>compatibilityVersion</key>
			<string>Xcode 3.2</string>
			<key>developmentRegion</key>
			<string>English</string>
			<key>hasScannedForEncodings</key>
			<string>0</string>
			<key>isa</key>
			<string>PBXProject</string>
			<key>knownRegions</key>
			<array>
				<string>en</string>
				<string>Base</string>
			</array>
			<key>mainGroup</key>
			<string>096A97661CAFA84900497C1E</string>
			<key>productRefGroup</key>
			<string>096A97701CAFA84900497C1E</string>
			<key>projectDirPath</key>
			<string></string>
			<key>projectReferences</key>
			<array/>
			<key>projectRoot</key>
			<string></string>
			<key>targets</key>
			<array>
				<string>096A976E1CAFA84900497C1E</string>
				<string>097EDA6B1CBB765900A350F0</string>
			</array>
		</dict>
		<key>096A976A1CAFA84900497C1E</key>
		<dict>
			<key>buildConfigurations</key>
			<array>
				<string>096A977F1CAFA84A00497C1E</string>
				<string>096A97801CAFA84A00497C1E</string>
			</array>
			<key>defaultConfigurationIsVisible</key>
			<string>0</string>
			<key>defaultConfigurationName</key>
			<string>Release</string>
			<key>isa</key>
			<string>XCConfigurationList</string>
		</dict>
		<key>096A976B1CAFA84900497C1E</key>
		<dict>
			<key>buildActionMask</key>
			<string>2147483647</string>
			<key>files</key>
			<array>
				<string>0932F1E41CB4F90B009596F6</string>
				<string>09BB859C1CE2CD0F00AF4D15</string>
				<string>09E4F6551CE20843002F54E4</string>
				<string>093F1B2D1CE0D91500D23D70</string>
				<string>096A97751CAFA84A00497C1E</string>
				<string>096A97731CAFA84A00497C1E</string>
				<string>09F2EB6B1CD50AC800E4EA17</string>
				<string>0996DCF31CB9478A00612218</string>
				<string>09BB85971CE2CC5D00AF4D15</string>
				<string>09F439111CD0BA400058029F</string>
				<string>09DC5AD41CE5DB6800E2982B</string>
				<string>094105E21CD5296900EBF9BC</string>
				<string>0932F1E21CB4F8F4009596F6</string>
				<string>09BB859A1CE2CC8C00AF4D15</string>
			</array>
			<key>isa</key>
			<string>PBXSourcesBuildPhase</string>
			<key>runOnlyForDeploymentPostprocessing</key>
			<string>0</string>
		</dict>
		<key>096A976C1CAFA84900497C1E</key>
		<dict>
			<key>buildActionMask</key>
			<string>2147483647</string>
			<key>files</key>
			<array>
				<string>5688DDE735B0B831629DA836</string>
			</array>
			<key>isa</key>
			<string>PBXFrameworksBuildPhase</string>
			<key>runOnlyForDeploymentPostprocessing</key>
			<string>0</string>
		</dict>
		<key>096A976D1CAFA84900497C1E</key>
		<dict>
			<key>buildActionMask</key>
			<string>2147483647</string>
			<key>files</key>
			<array>
				<string>096A977D1CAFA84A00497C1E</string>
				<string>096A977A1CAFA84A00497C1E</string>
			</array>
			<key>isa</key>
			<string>PBXResourcesBuildPhase</string>
			<key>runOnlyForDeploymentPostprocessing</key>
			<string>0</string>
		</dict>
		<key>096A976E1CAFA84900497C1E</key>
		<dict>
			<key>buildConfigurationList</key>
			<string>096A97811CAFA84A00497C1E</string>
			<key>buildPhases</key>
			<array>
				<string>CFEC6F2CBF541A718EF0A87D</string>
				<string>096A976B1CAFA84900497C1E</string>
				<string>096A976C1CAFA84900497C1E</string>
				<string>096A976D1CAFA84900497C1E</string>
				<string>D064DDA88BB11839058A8C3E</string>
				<string>D231E85B0A78C610F5D02AA7</string>
			</array>
			<key>buildRules</key>
			<array/>
			<key>dependencies</key>
			<array/>
			<key>isa</key>
			<string>PBXNativeTarget</string>
			<key>name</key>
			<string>FangYuanDemo</string>
			<key>productName</key>
			<string>FangYuanDemo</string>
			<key>productReference</key>
			<string>096A976F1CAFA84900497C1E</string>
			<key>productType</key>
			<string>com.apple.product-type.application</string>
		</dict>
		<key>096A976F1CAFA84900497C1E</key>
		<dict>
			<key>explicitFileType</key>
			<string>wrapper.application</string>
			<key>includeInIndex</key>
			<string>0</string>
			<key>isa</key>
			<string>PBXFileReference</string>
			<key>path</key>
			<string>FangYuanDemo.app</string>
			<key>sourceTree</key>
			<string>BUILT_PRODUCTS_DIR</string>
		</dict>
		<key>096A97701CAFA84900497C1E</key>
		<dict>
			<key>children</key>
			<array>
				<string>096A976F1CAFA84900497C1E</string>
				<string>097EDA6C1CBB765900A350F0</string>
			</array>
			<key>isa</key>
			<string>PBXGroup</string>
			<key>name</key>
			<string>Products</string>
			<key>sourceTree</key>
			<string>&lt;group&gt;</string>
		</dict>
		<key>096A97711CAFA84A00497C1E</key>
		<dict>
			<key>children</key>
			<array>
				<string>096A97721CAFA84A00497C1E</string>
				<string>096A97741CAFA84A00497C1E</string>
				<string>09BB85931CE2CBF100AF4D15</string>
				<string>09DC5AD21CE5DB4100E2982B</string>
				<string>09BB85941CE2CC0900AF4D15</string>
				<string>09BB85921CE2CBBC00AF4D15</string>
				<string>09BB85951CE2CC2000AF4D15</string>
				<string>09BB85981CE2CC6D00AF4D15</string>
				<string>0996DCF21CB9478A00612218</string>
				<string>093F1B2C1CE0D91500D23D70</string>
				<string>096A97791CAFA84A00497C1E</string>
				<string>096A977B1CAFA84A00497C1E</string>
				<string>096A977E1CAFA84A00497C1E</string>
			</array>
			<key>isa</key>
			<string>PBXGroup</string>
			<key>path</key>
			<string>FangYuanDemo</string>
			<key>sourceTree</key>
			<string>&lt;group&gt;</string>
		</dict>
		<key>096A97721CAFA84A00497C1E</key>
		<dict>
			<key>isa</key>
			<string>PBXFileReference</string>
			<key>lastKnownFileType</key>
			<string>sourcecode.swift</string>
			<key>path</key>
			<string>AppDelegate.swift</string>
			<key>sourceTree</key>
			<string>&lt;group&gt;</string>
		</dict>
		<key>096A97731CAFA84A00497C1E</key>
		<dict>
			<key>fileRef</key>
			<string>096A97721CAFA84A00497C1E</string>
			<key>isa</key>
			<string>PBXBuildFile</string>
		</dict>
		<key>096A97741CAFA84A00497C1E</key>
		<dict>
			<key>isa</key>
			<string>PBXFileReference</string>
			<key>lastKnownFileType</key>
			<string>sourcecode.swift</string>
			<key>path</key>
			<string>FYDListViewController.swift</string>
			<key>sourceTree</key>
			<string>&lt;group&gt;</string>
		</dict>
		<key>096A97751CAFA84A00497C1E</key>
		<dict>
			<key>fileRef</key>
			<string>096A97741CAFA84A00497C1E</string>
			<key>isa</key>
			<string>PBXBuildFile</string>
		</dict>
		<key>096A97791CAFA84A00497C1E</key>
		<dict>
			<key>isa</key>
			<string>PBXFileReference</string>
			<key>lastKnownFileType</key>
			<string>folder.assetcatalog</string>
			<key>path</key>
			<string>Assets.xcassets</string>
			<key>sourceTree</key>
			<string>&lt;group&gt;</string>
		</dict>
		<key>096A977A1CAFA84A00497C1E</key>
		<dict>
			<key>fileRef</key>
			<string>096A97791CAFA84A00497C1E</string>
			<key>isa</key>
			<string>PBXBuildFile</string>
		</dict>
		<key>096A977B1CAFA84A00497C1E</key>
		<dict>
			<key>children</key>
			<array>
				<string>096A977C1CAFA84A00497C1E</string>
			</array>
			<key>isa</key>
			<string>PBXVariantGroup</string>
			<key>name</key>
			<string>LaunchScreen.storyboard</string>
			<key>sourceTree</key>
			<string>&lt;group&gt;</string>
		</dict>
		<key>096A977C1CAFA84A00497C1E</key>
		<dict>
			<key>isa</key>
			<string>PBXFileReference</string>
			<key>lastKnownFileType</key>
			<string>file.storyboard</string>
			<key>name</key>
			<string>Base</string>
			<key>path</key>
			<string>Base.lproj/LaunchScreen.storyboard</string>
			<key>sourceTree</key>
			<string>&lt;group&gt;</string>
		</dict>
		<key>096A977D1CAFA84A00497C1E</key>
		<dict>
			<key>fileRef</key>
			<string>096A977B1CAFA84A00497C1E</string>
			<key>isa</key>
			<string>PBXBuildFile</string>
		</dict>
		<key>096A977E1CAFA84A00497C1E</key>
		<dict>
			<key>isa</key>
			<string>PBXFileReference</string>
			<key>lastKnownFileType</key>
			<string>text.plist.xml</string>
			<key>path</key>
			<string>Info.plist</string>
			<key>sourceTree</key>
			<string>&lt;group&gt;</string>
		</dict>
		<key>096A977F1CAFA84A00497C1E</key>
		<dict>
			<key>buildSettings</key>
			<dict>
				<key>ALWAYS_SEARCH_USER_PATHS</key>
				<string>NO</string>
				<key>CLANG_ANALYZER_NONNULL</key>
				<string>YES</string>
				<key>CLANG_CXX_LANGUAGE_STANDARD</key>
				<string>gnu++0x</string>
				<key>CLANG_CXX_LIBRARY</key>
				<string>libc++</string>
				<key>CLANG_ENABLE_MODULES</key>
				<string>YES</string>
				<key>CLANG_ENABLE_OBJC_ARC</key>
				<string>YES</string>
				<key>CLANG_WARN_BOOL_CONVERSION</key>
				<string>YES</string>
				<key>CLANG_WARN_CONSTANT_CONVERSION</key>
				<string>YES</string>
				<key>CLANG_WARN_DIRECT_OBJC_ISA_USAGE</key>
				<string>YES_ERROR</string>
				<key>CLANG_WARN_EMPTY_BODY</key>
				<string>YES</string>
				<key>CLANG_WARN_ENUM_CONVERSION</key>
				<string>YES</string>
				<key>CLANG_WARN_INT_CONVERSION</key>
				<string>YES</string>
				<key>CLANG_WARN_OBJC_ROOT_CLASS</key>
				<string>YES_ERROR</string>
				<key>CLANG_WARN_UNREACHABLE_CODE</key>
				<string>YES</string>
				<key>CLANG_WARN__DUPLICATE_METHOD_MATCH</key>
				<string>YES</string>
				<key>CODE_SIGN_IDENTITY[sdk=iphoneos*]</key>
				<string>iPhone Developer</string>
				<key>COPY_PHASE_STRIP</key>
				<string>NO</string>
				<key>DEBUG_INFORMATION_FORMAT</key>
				<string>dwarf</string>
				<key>ENABLE_STRICT_OBJC_MSGSEND</key>
				<string>YES</string>
				<key>ENABLE_TESTABILITY</key>
				<string>YES</string>
				<key>GCC_C_LANGUAGE_STANDARD</key>
				<string>gnu99</string>
				<key>GCC_DYNAMIC_NO_PIC</key>
				<string>NO</string>
				<key>GCC_NO_COMMON_BLOCKS</key>
				<string>YES</string>
				<key>GCC_OPTIMIZATION_LEVEL</key>
				<string>0</string>
				<key>GCC_PREPROCESSOR_DEFINITIONS</key>
				<array>
					<string>DEBUG=1</string>
					<string>$(inherited)</string>
				</array>
				<key>GCC_WARN_64_TO_32_BIT_CONVERSION</key>
				<string>YES</string>
				<key>GCC_WARN_ABOUT_RETURN_TYPE</key>
				<string>YES_ERROR</string>
				<key>GCC_WARN_UNDECLARED_SELECTOR</key>
				<string>YES</string>
				<key>GCC_WARN_UNINITIALIZED_AUTOS</key>
				<string>YES_AGGRESSIVE</string>
				<key>GCC_WARN_UNUSED_FUNCTION</key>
				<string>YES</string>
				<key>GCC_WARN_UNUSED_VARIABLE</key>
				<string>YES</string>
				<key>IPHONEOS_DEPLOYMENT_TARGET</key>
				<string>9.3</string>
				<key>MTL_ENABLE_DEBUG_INFO</key>
				<string>YES</string>
				<key>ONLY_ACTIVE_ARCH</key>
				<string>YES</string>
				<key>SDKROOT</key>
				<string>iphoneos</string>
				<key>SWIFT_OPTIMIZATION_LEVEL</key>
				<string>-Onone</string>
			</dict>
			<key>isa</key>
			<string>XCBuildConfiguration</string>
			<key>name</key>
			<string>Debug</string>
		</dict>
		<key>096A97801CAFA84A00497C1E</key>
		<dict>
			<key>buildSettings</key>
			<dict>
				<key>ALWAYS_SEARCH_USER_PATHS</key>
				<string>NO</string>
				<key>CLANG_ANALYZER_NONNULL</key>
				<string>YES</string>
				<key>CLANG_CXX_LANGUAGE_STANDARD</key>
				<string>gnu++0x</string>
				<key>CLANG_CXX_LIBRARY</key>
				<string>libc++</string>
				<key>CLANG_ENABLE_MODULES</key>
				<string>YES</string>
				<key>CLANG_ENABLE_OBJC_ARC</key>
				<string>YES</string>
				<key>CLANG_WARN_BOOL_CONVERSION</key>
				<string>YES</string>
				<key>CLANG_WARN_CONSTANT_CONVERSION</key>
				<string>YES</string>
				<key>CLANG_WARN_DIRECT_OBJC_ISA_USAGE</key>
				<string>YES_ERROR</string>
				<key>CLANG_WARN_EMPTY_BODY</key>
				<string>YES</string>
				<key>CLANG_WARN_ENUM_CONVERSION</key>
				<string>YES</string>
				<key>CLANG_WARN_INT_CONVERSION</key>
				<string>YES</string>
				<key>CLANG_WARN_OBJC_ROOT_CLASS</key>
				<string>YES_ERROR</string>
				<key>CLANG_WARN_UNREACHABLE_CODE</key>
				<string>YES</string>
				<key>CLANG_WARN__DUPLICATE_METHOD_MATCH</key>
				<string>YES</string>
				<key>CODE_SIGN_IDENTITY[sdk=iphoneos*]</key>
				<string>iPhone Developer</string>
				<key>COPY_PHASE_STRIP</key>
				<string>NO</string>
				<key>DEBUG_INFORMATION_FORMAT</key>
				<string>dwarf-with-dsym</string>
				<key>ENABLE_NS_ASSERTIONS</key>
				<string>NO</string>
				<key>ENABLE_STRICT_OBJC_MSGSEND</key>
				<string>YES</string>
				<key>GCC_C_LANGUAGE_STANDARD</key>
				<string>gnu99</string>
				<key>GCC_NO_COMMON_BLOCKS</key>
				<string>YES</string>
				<key>GCC_WARN_64_TO_32_BIT_CONVERSION</key>
				<string>YES</string>
				<key>GCC_WARN_ABOUT_RETURN_TYPE</key>
				<string>YES_ERROR</string>
				<key>GCC_WARN_UNDECLARED_SELECTOR</key>
				<string>YES</string>
				<key>GCC_WARN_UNINITIALIZED_AUTOS</key>
				<string>YES_AGGRESSIVE</string>
				<key>GCC_WARN_UNUSED_FUNCTION</key>
				<string>YES</string>
				<key>GCC_WARN_UNUSED_VARIABLE</key>
				<string>YES</string>
				<key>IPHONEOS_DEPLOYMENT_TARGET</key>
				<string>9.3</string>
				<key>MTL_ENABLE_DEBUG_INFO</key>
				<string>NO</string>
				<key>SDKROOT</key>
				<string>iphoneos</string>
				<key>VALIDATE_PRODUCT</key>
				<string>YES</string>
			</dict>
			<key>isa</key>
			<string>XCBuildConfiguration</string>
			<key>name</key>
			<string>Release</string>
		</dict>
		<key>096A97811CAFA84A00497C1E</key>
		<dict>
			<key>buildConfigurations</key>
			<array>
				<string>096A97821CAFA84A00497C1E</string>
				<string>096A97831CAFA84A00497C1E</string>
			</array>
			<key>defaultConfigurationIsVisible</key>
			<string>0</string>
			<key>defaultConfigurationName</key>
			<string>Release</string>
			<key>isa</key>
			<string>XCConfigurationList</string>
		</dict>
		<key>096A97821CAFA84A00497C1E</key>
		<dict>
			<key>baseConfigurationReference</key>
			<string>66FDDF168879F3AAB54EE5FA</string>
			<key>buildSettings</key>
			<dict>
				<key>ASSETCATALOG_COMPILER_APPICON_NAME</key>
				<string>AppIcon</string>
				<key>CODE_SIGN_IDENTITY</key>
				<string>iPhone Developer</string>
				<key>INFOPLIST_FILE</key>
				<string>FangYuanDemo/Info.plist</string>
				<key>IPHONEOS_DEPLOYMENT_TARGET</key>
				<string>8.0</string>
				<key>LD_RUNPATH_SEARCH_PATHS</key>
				<string>$(inherited) @executable_path/Frameworks</string>
				<key>PRODUCT_BUNDLE_IDENTIFIER</key>
				<string>WangCe.FangYuanDemo</string>
				<key>PRODUCT_NAME</key>
				<string>$(TARGET_NAME)</string>
			</dict>
			<key>isa</key>
			<string>XCBuildConfiguration</string>
			<key>name</key>
			<string>Debug</string>
		</dict>
		<key>096A97831CAFA84A00497C1E</key>
		<dict>
			<key>baseConfigurationReference</key>
			<string>047C189DFD5C463881462F72</string>
			<key>buildSettings</key>
			<dict>
				<key>ASSETCATALOG_COMPILER_APPICON_NAME</key>
				<string>AppIcon</string>
				<key>CODE_SIGN_IDENTITY</key>
				<string>iPhone Developer</string>
				<key>INFOPLIST_FILE</key>
				<string>FangYuanDemo/Info.plist</string>
				<key>IPHONEOS_DEPLOYMENT_TARGET</key>
				<string>8.0</string>
				<key>LD_RUNPATH_SEARCH_PATHS</key>
				<string>$(inherited) @executable_path/Frameworks</string>
				<key>PRODUCT_BUNDLE_IDENTIFIER</key>
				<string>WangCe.FangYuanDemo</string>
				<key>PRODUCT_NAME</key>
				<string>$(TARGET_NAME)</string>
			</dict>
			<key>isa</key>
			<string>XCBuildConfiguration</string>
			<key>name</key>
			<string>Release</string>
		</dict>
		<key>097EDA681CBB765900A350F0</key>
		<dict>
			<key>buildActionMask</key>
			<string>2147483647</string>
			<key>files</key>
			<array>
				<string>097EDA6F1CBB765900A350F0</string>
				<string>097EDA751CBB7C3300A350F0</string>
			</array>
			<key>isa</key>
			<string>PBXSourcesBuildPhase</string>
			<key>runOnlyForDeploymentPostprocessing</key>
			<string>0</string>
		</dict>
		<key>097EDA691CBB765900A350F0</key>
		<dict>
			<key>buildActionMask</key>
			<string>2147483647</string>
			<key>files</key>
			<array>
				<string>78539F47D34823BAD5BA357A</string>
			</array>
			<key>isa</key>
			<string>PBXFrameworksBuildPhase</string>
			<key>runOnlyForDeploymentPostprocessing</key>
			<string>0</string>
		</dict>
		<key>097EDA6A1CBB765900A350F0</key>
		<dict>
			<key>buildActionMask</key>
			<string>2147483647</string>
			<key>files</key>
			<array/>
			<key>isa</key>
			<string>PBXResourcesBuildPhase</string>
			<key>runOnlyForDeploymentPostprocessing</key>
			<string>0</string>
		</dict>
		<key>097EDA6B1CBB765900A350F0</key>
		<dict>
			<key>buildConfigurationList</key>
			<string>097EDA731CBB765900A350F0</string>
			<key>buildPhases</key>
			<array>
				<string>F93BC8BD422549ADEAE1CF1A</string>
				<string>097EDA681CBB765900A350F0</string>
				<string>097EDA691CBB765900A350F0</string>
				<string>097EDA6A1CBB765900A350F0</string>
				<string>AFE4859ED0B8B2CB0F2E5760</string>
				<string>F799E83075F9CA96F87683FB</string>
			</array>
			<key>buildRules</key>
			<array/>
			<key>dependencies</key>
			<array/>
			<key>isa</key>
			<string>PBXNativeTarget</string>
			<key>name</key>
			<string>FangYuanTests</string>
			<key>productName</key>
			<string>FangYuanTests</string>
			<key>productReference</key>
			<string>097EDA6C1CBB765900A350F0</string>
			<key>productType</key>
			<string>com.apple.product-type.bundle.unit-test</string>
		</dict>
		<key>097EDA6C1CBB765900A350F0</key>
		<dict>
			<key>explicitFileType</key>
			<string>wrapper.cfbundle</string>
			<key>includeInIndex</key>
			<string>0</string>
			<key>isa</key>
			<string>PBXFileReference</string>
			<key>path</key>
			<string>FangYuanTests.xctest</string>
			<key>sourceTree</key>
			<string>BUILT_PRODUCTS_DIR</string>
		</dict>
		<key>097EDA6D1CBB765900A350F0</key>
		<dict>
			<key>children</key>
			<array>
				<string>097EDA6E1CBB765900A350F0</string>
				<string>097EDA741CBB7C3300A350F0</string>
				<string>097EDA701CBB765900A350F0</string>
			</array>
			<key>isa</key>
			<string>PBXGroup</string>
			<key>path</key>
			<string>FangYuanTests</string>
			<key>sourceTree</key>
			<string>&lt;group&gt;</string>
		</dict>
		<key>097EDA6E1CBB765900A350F0</key>
		<dict>
			<key>isa</key>
			<string>PBXFileReference</string>
			<key>lastKnownFileType</key>
			<string>sourcecode.swift</string>
			<key>path</key>
			<string>FangYuanTests.swift</string>
			<key>sourceTree</key>
			<string>&lt;group&gt;</string>
		</dict>
		<key>097EDA6F1CBB765900A350F0</key>
		<dict>
			<key>fileRef</key>
			<string>097EDA6E1CBB765900A350F0</string>
			<key>isa</key>
			<string>PBXBuildFile</string>
		</dict>
		<key>097EDA701CBB765900A350F0</key>
		<dict>
			<key>isa</key>
			<string>PBXFileReference</string>
			<key>lastKnownFileType</key>
			<string>text.plist.xml</string>
			<key>path</key>
			<string>Info.plist</string>
			<key>sourceTree</key>
			<string>&lt;group&gt;</string>
		</dict>
		<key>097EDA711CBB765900A350F0</key>
		<dict>
			<key>baseConfigurationReference</key>
			<string>1F31786581148F67F0E4F37C</string>
			<key>buildSettings</key>
			<dict>
				<key>INFOPLIST_FILE</key>
				<string>FangYuanTests/Info.plist</string>
				<key>LD_RUNPATH_SEARCH_PATHS</key>
				<string>$(inherited) @executable_path/Frameworks @loader_path/Frameworks</string>
				<key>PRODUCT_BUNDLE_IDENTIFIER</key>
				<string>WangCe.FangYuanTests</string>
				<key>PRODUCT_NAME</key>
				<string>$(TARGET_NAME)</string>
			</dict>
			<key>isa</key>
			<string>XCBuildConfiguration</string>
			<key>name</key>
			<string>Debug</string>
		</dict>
		<key>097EDA721CBB765900A350F0</key>
		<dict>
			<key>baseConfigurationReference</key>
			<string>B91FCE1EB77528CB3730F899</string>
			<key>buildSettings</key>
			<dict>
				<key>INFOPLIST_FILE</key>
				<string>FangYuanTests/Info.plist</string>
				<key>LD_RUNPATH_SEARCH_PATHS</key>
				<string>$(inherited) @executable_path/Frameworks @loader_path/Frameworks</string>
				<key>PRODUCT_BUNDLE_IDENTIFIER</key>
				<string>WangCe.FangYuanTests</string>
				<key>PRODUCT_NAME</key>
				<string>$(TARGET_NAME)</string>
			</dict>
			<key>isa</key>
			<string>XCBuildConfiguration</string>
			<key>name</key>
			<string>Release</string>
		</dict>
		<key>097EDA731CBB765900A350F0</key>
		<dict>
			<key>buildConfigurations</key>
			<array>
				<string>097EDA711CBB765900A350F0</string>
				<string>097EDA721CBB765900A350F0</string>
			</array>
			<key>defaultConfigurationIsVisible</key>
			<string>0</string>
			<key>defaultConfigurationName</key>
			<string>Release</string>
			<key>isa</key>
			<string>XCConfigurationList</string>
		</dict>
		<key>097EDA741CBB7C3300A350F0</key>
		<dict>
			<key>fileEncoding</key>
			<string>4</string>
			<key>isa</key>
			<string>PBXFileReference</string>
			<key>lastKnownFileType</key>
			<string>sourcecode.swift</string>
			<key>path</key>
			<string>TestHelper.swift</string>
			<key>sourceTree</key>
			<string>&lt;group&gt;</string>
		</dict>
		<key>097EDA751CBB7C3300A350F0</key>
		<dict>
			<key>fileRef</key>
			<string>097EDA741CBB7C3300A350F0</string>
			<key>isa</key>
			<string>PBXBuildFile</string>
		</dict>
		<key>0996DCF21CB9478A00612218</key>
		<dict>
			<key>fileEncoding</key>
			<string>4</string>
			<key>isa</key>
			<string>PBXFileReference</string>
			<key>lastKnownFileType</key>
			<string>sourcecode.swift</string>
			<key>path</key>
			<string>FYDReactiveCodeViewController.swift</string>
			<key>sourceTree</key>
			<string>&lt;group&gt;</string>
		</dict>
		<key>0996DCF31CB9478A00612218</key>
		<dict>
			<key>fileRef</key>
			<string>0996DCF21CB9478A00612218</string>
			<key>isa</key>
			<string>PBXBuildFile</string>
		</dict>
		<key>09BB85921CE2CBBC00AF4D15</key>
		<dict>
			<key>children</key>
			<array>
				<string>0932F1E31CB4F90B009596F6</string>
				<string>094105E11CD5296900EBF9BC</string>
			</array>
			<key>isa</key>
			<string>PBXGroup</string>
			<key>name</key>
			<string>SimpleTableView</string>
			<key>sourceTree</key>
			<string>&lt;group&gt;</string>
		</dict>
		<key>09BB85931CE2CBF100AF4D15</key>
		<dict>
			<key>children</key>
			<array>
				<string>0932F1E11CB4F8F4009596F6</string>
			</array>
			<key>isa</key>
			<string>PBXGroup</string>
			<key>name</key>
			<string>ViewController</string>
			<key>sourceTree</key>
			<string>&lt;group&gt;</string>
		</dict>
		<key>09BB85941CE2CC0900AF4D15</key>
		<dict>
			<key>children</key>
			<array>
				<string>09F2EB6A1CD50AC800E4EA17</string>
			</array>
			<key>isa</key>
			<string>PBXGroup</string>
			<key>name</key>
			<string>Chain</string>
			<key>sourceTree</key>
			<string>&lt;group&gt;</string>
		</dict>
		<key>09BB85951CE2CC2000AF4D15</key>
		<dict>
			<key>children</key>
			<array>
				<string>09E4F6541CE20843002F54E4</string>
			</array>
			<key>isa</key>
			<string>PBXGroup</string>
			<key>name</key>
			<string>Animation</string>
			<key>sourceTree</key>
			<string>&lt;group&gt;</string>
		</dict>
		<key>09BB85961CE2CC5D00AF4D15</key>
		<dict>
			<key>fileEncoding</key>
			<string>4</string>
			<key>isa</key>
			<string>PBXFileReference</string>
			<key>lastKnownFileType</key>
			<string>sourcecode.swift</string>
			<key>path</key>
			<string>FYDComplexTableViewController.swift</string>
			<key>sourceTree</key>
			<string>&lt;group&gt;</string>
		</dict>
		<key>09BB85971CE2CC5D00AF4D15</key>
		<dict>
			<key>fileRef</key>
			<string>09BB85961CE2CC5D00AF4D15</string>
			<key>isa</key>
			<string>PBXBuildFile</string>
		</dict>
		<key>09BB85981CE2CC6D00AF4D15</key>
		<dict>
			<key>children</key>
			<array>
				<string>09BB85961CE2CC5D00AF4D15</string>
				<string>09BB85991CE2CC8C00AF4D15</string>
				<string>09BB859B1CE2CD0F00AF4D15</string>
			</array>
			<key>isa</key>
			<string>PBXGroup</string>
			<key>name</key>
			<string>ComplexTableView</string>
			<key>sourceTree</key>
			<string>&lt;group&gt;</string>
		</dict>
		<key>09BB85991CE2CC8C00AF4D15</key>
		<dict>
			<key>fileEncoding</key>
			<string>4</string>
			<key>isa</key>
			<string>PBXFileReference</string>
			<key>lastKnownFileType</key>
			<string>sourcecode.swift</string>
			<key>path</key>
			<string>FYDComplexTableViewCell.swift</string>
			<key>sourceTree</key>
			<string>&lt;group&gt;</string>
		</dict>
		<key>09BB859A1CE2CC8C00AF4D15</key>
		<dict>
			<key>fileRef</key>
			<string>09BB85991CE2CC8C00AF4D15</string>
			<key>isa</key>
			<string>PBXBuildFile</string>
		</dict>
		<key>09BB859B1CE2CD0F00AF4D15</key>
		<dict>
			<key>fileEncoding</key>
			<string>4</string>
			<key>isa</key>
			<string>PBXFileReference</string>
			<key>lastKnownFileType</key>
			<string>sourcecode.swift</string>
			<key>path</key>
			<string>FYDComplexDataSource.swift</string>
			<key>sourceTree</key>
			<string>&lt;group&gt;</string>
		</dict>
		<key>09BB859C1CE2CD0F00AF4D15</key>
		<dict>
			<key>fileRef</key>
			<string>09BB859B1CE2CD0F00AF4D15</string>
			<key>isa</key>
			<string>PBXBuildFile</string>
		</dict>
		<key>09DC5AD21CE5DB4100E2982B</key>
		<dict>
			<key>children</key>
			<array>
				<string>09F439101CD0BA400058029F</string>
				<string>09DC5AD31CE5DB6800E2982B</string>
			</array>
			<key>isa</key>
			<string>PBXGroup</string>
			<key>name</key>
			<string>Basic</string>
			<key>sourceTree</key>
			<string>&lt;group&gt;</string>
		</dict>
		<key>09DC5AD31CE5DB6800E2982B</key>
		<dict>
			<key>fileEncoding</key>
			<string>4</string>
			<key>isa</key>
			<string>PBXFileReference</string>
			<key>lastKnownFileType</key>
			<string>sourcecode.swift</string>
			<key>path</key>
			<string>FYDCodeTableViewCell.swift</string>
			<key>sourceTree</key>
			<string>&lt;group&gt;</string>
		</dict>
		<key>09DC5AD41CE5DB6800E2982B</key>
		<dict>
			<key>fileRef</key>
			<string>09DC5AD31CE5DB6800E2982B</string>
			<key>isa</key>
			<string>PBXBuildFile</string>
		</dict>
		<key>09E4F6541CE20843002F54E4</key>
		<dict>
			<key>fileEncoding</key>
			<string>4</string>
			<key>isa</key>
			<string>PBXFileReference</string>
			<key>lastKnownFileType</key>
			<string>sourcecode.swift</string>
			<key>path</key>
			<string>FYDAnimationViewController.swift</string>
			<key>sourceTree</key>
			<string>&lt;group&gt;</string>
		</dict>
		<key>09E4F6551CE20843002F54E4</key>
		<dict>
			<key>fileRef</key>
			<string>09E4F6541CE20843002F54E4</string>
			<key>isa</key>
			<string>PBXBuildFile</string>
		</dict>
		<key>09F2EB6A1CD50AC800E4EA17</key>
		<dict>
			<key>fileEncoding</key>
			<string>4</string>
			<key>isa</key>
			<string>PBXFileReference</string>
			<key>lastKnownFileType</key>
			<string>sourcecode.swift</string>
			<key>path</key>
			<string>FYDChainViewController.swift</string>
			<key>sourceTree</key>
			<string>&lt;group&gt;</string>
		</dict>
		<key>09F2EB6B1CD50AC800E4EA17</key>
		<dict>
			<key>fileRef</key>
			<string>09F2EB6A1CD50AC800E4EA17</string>
			<key>isa</key>
			<string>PBXBuildFile</string>
		</dict>
		<key>09F439101CD0BA400058029F</key>
		<dict>
			<key>fileEncoding</key>
			<string>4</string>
			<key>isa</key>
			<string>PBXFileReference</string>
			<key>lastKnownFileType</key>
			<string>sourcecode.swift</string>
			<key>path</key>
			<string>FYDRectViewController.swift</string>
			<key>sourceTree</key>
			<string>&lt;group&gt;</string>
		</dict>
		<key>09F439111CD0BA400058029F</key>
		<dict>
			<key>fileRef</key>
			<string>09F439101CD0BA400058029F</string>
			<key>isa</key>
			<string>PBXBuildFile</string>
		</dict>
		<key>1F31786581148F67F0E4F37C</key>
		<dict>
			<key>includeInIndex</key>
			<string>1</string>
			<key>isa</key>
			<string>PBXFileReference</string>
			<key>lastKnownFileType</key>
			<string>text.xcconfig</string>
			<key>name</key>
			<string>Pods-FangYuanTests.debug.xcconfig</string>
			<key>path</key>
			<string>Pods/Target Support Files/Pods-FangYuanTests/Pods-FangYuanTests.debug.xcconfig</string>
			<key>sourceTree</key>
			<string>&lt;group&gt;</string>
		</dict>
		<key>5688DDE735B0B831629DA836</key>
		<dict>
			<key>fileRef</key>
			<string>64544C787764C6FB8E6F80C3</string>
			<key>isa</key>
			<string>PBXBuildFile</string>
		</dict>
		<key>64544C787764C6FB8E6F80C3</key>
		<dict>
			<key>explicitFileType</key>
			<string>wrapper.framework</string>
			<key>includeInIndex</key>
			<string>0</string>
			<key>isa</key>
			<string>PBXFileReference</string>
			<key>path</key>
			<string>Pods_FangYuanDemo.framework</string>
			<key>sourceTree</key>
			<string>BUILT_PRODUCTS_DIR</string>
		</dict>
		<key>66FDDF168879F3AAB54EE5FA</key>
		<dict>
			<key>includeInIndex</key>
			<string>1</string>
			<key>isa</key>
			<string>PBXFileReference</string>
			<key>lastKnownFileType</key>
			<string>text.xcconfig</string>
			<key>name</key>
			<string>Pods-FangYuanDemo.debug.xcconfig</string>
			<key>path</key>
			<string>Pods/Target Support Files/Pods-FangYuanDemo/Pods-FangYuanDemo.debug.xcconfig</string>
			<key>sourceTree</key>
			<string>&lt;group&gt;</string>
		</dict>
		<key>768E4709872ED99AD41FE4F9</key>
		<dict>
			<key>children</key>
			<array>
				<string>66FDDF168879F3AAB54EE5FA</string>
				<string>047C189DFD5C463881462F72</string>
				<string>1F31786581148F67F0E4F37C</string>
				<string>B91FCE1EB77528CB3730F899</string>
			</array>
			<key>isa</key>
			<string>PBXGroup</string>
			<key>name</key>
			<string>Pods</string>
			<key>sourceTree</key>
			<string>&lt;group&gt;</string>
		</dict>
		<key>78539F47D34823BAD5BA357A</key>
		<dict>
			<key>fileRef</key>
			<string>BF1DF31E4A51E5E9523CC6EE</string>
			<key>isa</key>
			<string>PBXBuildFile</string>
		</dict>
		<key>96E5B70FD5F63FB9817AF05C</key>
		<dict>
			<key>children</key>
			<array>
				<string>64544C787764C6FB8E6F80C3</string>
				<string>BF1DF31E4A51E5E9523CC6EE</string>
			</array>
			<key>isa</key>
			<string>PBXGroup</string>
			<key>name</key>
			<string>Frameworks</string>
			<key>sourceTree</key>
			<string>&lt;group&gt;</string>
		</dict>
		<key>AFE4859ED0B8B2CB0F2E5760</key>
		<dict>
			<key>buildActionMask</key>
			<string>2147483647</string>
			<key>files</key>
			<array/>
			<key>inputPaths</key>
			<array/>
			<key>isa</key>
			<string>PBXShellScriptBuildPhase</string>
			<key>name</key>
			<string>Embed Pods Frameworks</string>
			<key>outputPaths</key>
			<array/>
			<key>runOnlyForDeploymentPostprocessing</key>
			<string>0</string>
			<key>shellPath</key>
			<string>/bin/sh</string>
			<key>shellScript</key>
			<string>"${SRCROOT}/Pods/Target Support Files/Pods-FangYuanTests/Pods-FangYuanTests-frameworks.sh"
</string>
			<key>showEnvVarsInLog</key>
			<string>0</string>
		</dict>
		<key>B91FCE1EB77528CB3730F899</key>
		<dict>
			<key>includeInIndex</key>
			<string>1</string>
			<key>isa</key>
			<string>PBXFileReference</string>
			<key>lastKnownFileType</key>
			<string>text.xcconfig</string>
			<key>name</key>
			<string>Pods-FangYuanTests.release.xcconfig</string>
			<key>path</key>
			<string>Pods/Target Support Files/Pods-FangYuanTests/Pods-FangYuanTests.release.xcconfig</string>
			<key>sourceTree</key>
			<string>&lt;group&gt;</string>
		</dict>
		<key>BF1DF31E4A51E5E9523CC6EE</key>
		<dict>
			<key>explicitFileType</key>
			<string>wrapper.framework</string>
			<key>includeInIndex</key>
			<string>0</string>
			<key>isa</key>
			<string>PBXFileReference</string>
			<key>path</key>
			<string>Pods_FangYuanTests.framework</string>
			<key>sourceTree</key>
			<string>BUILT_PRODUCTS_DIR</string>
		</dict>
		<key>CFEC6F2CBF541A718EF0A87D</key>
		<dict>
			<key>buildActionMask</key>
			<string>2147483647</string>
			<key>files</key>
			<array/>
			<key>inputPaths</key>
			<array/>
			<key>isa</key>
			<string>PBXShellScriptBuildPhase</string>
			<key>name</key>
			<string>Check Pods Manifest.lock</string>
			<key>outputPaths</key>
			<array/>
			<key>runOnlyForDeploymentPostprocessing</key>
			<string>0</string>
			<key>shellPath</key>
			<string>/bin/sh</string>
			<key>shellScript</key>
			<string>diff "${PODS_ROOT}/../Podfile.lock" "${PODS_ROOT}/Manifest.lock" &gt; /dev/null
if [[ $? != 0 ]] ; then
    cat &lt;&lt; EOM
error: The sandbox is not in sync with the Podfile.lock. Run 'pod install' or update your CocoaPods installation.
EOM
    exit 1
fi
</string>
			<key>showEnvVarsInLog</key>
			<string>0</string>
		</dict>
		<key>D064DDA88BB11839058A8C3E</key>
		<dict>
			<key>buildActionMask</key>
			<string>2147483647</string>
			<key>files</key>
			<array/>
			<key>inputPaths</key>
			<array/>
			<key>isa</key>
			<string>PBXShellScriptBuildPhase</string>
			<key>name</key>
			<string>Embed Pods Frameworks</string>
			<key>outputPaths</key>
			<array/>
			<key>runOnlyForDeploymentPostprocessing</key>
			<string>0</string>
			<key>shellPath</key>
			<string>/bin/sh</string>
			<key>shellScript</key>
			<string>"${SRCROOT}/Pods/Target Support Files/Pods-FangYuanDemo/Pods-FangYuanDemo-frameworks.sh"
</string>
			<key>showEnvVarsInLog</key>
			<string>0</string>
		</dict>
		<key>D231E85B0A78C610F5D02AA7</key>
		<dict>
			<key>buildActionMask</key>
			<string>2147483647</string>
			<key>files</key>
			<array/>
			<key>inputPaths</key>
			<array/>
			<key>isa</key>
			<string>PBXShellScriptBuildPhase</string>
			<key>name</key>
			<string>Copy Pods Resources</string>
			<key>outputPaths</key>
			<array/>
			<key>runOnlyForDeploymentPostprocessing</key>
			<string>0</string>
			<key>shellPath</key>
			<string>/bin/sh</string>
			<key>shellScript</key>
			<string>"${SRCROOT}/Pods/Target Support Files/Pods-FangYuanDemo/Pods-FangYuanDemo-resources.sh"
</string>
			<key>showEnvVarsInLog</key>
			<string>0</string>
		</dict>
		<key>F799E83075F9CA96F87683FB</key>
		<dict>
			<key>buildActionMask</key>
			<string>2147483647</string>
			<key>files</key>
			<array/>
			<key>inputPaths</key>
			<array/>
			<key>isa</key>
			<string>PBXShellScriptBuildPhase</string>
			<key>name</key>
			<string>Copy Pods Resources</string>
			<key>outputPaths</key>
			<array/>
			<key>runOnlyForDeploymentPostprocessing</key>
			<string>0</string>
			<key>shellPath</key>
			<string>/bin/sh</string>
			<key>shellScript</key>
			<string>"${SRCROOT}/Pods/Target Support Files/Pods-FangYuanTests/Pods-FangYuanTests-resources.sh"
</string>
			<key>showEnvVarsInLog</key>
			<string>0</string>
		</dict>
		<key>F93BC8BD422549ADEAE1CF1A</key>
		<dict>
			<key>buildActionMask</key>
			<string>2147483647</string>
			<key>files</key>
			<array/>
			<key>inputPaths</key>
			<array/>
			<key>isa</key>
			<string>PBXShellScriptBuildPhase</string>
			<key>name</key>
			<string>Check Pods Manifest.lock</string>
			<key>outputPaths</key>
			<array/>
			<key>runOnlyForDeploymentPostprocessing</key>
			<string>0</string>
			<key>shellPath</key>
			<string>/bin/sh</string>
			<key>shellScript</key>
			<string>diff "${PODS_ROOT}/../Podfile.lock" "${PODS_ROOT}/Manifest.lock" &gt; /dev/null
if [[ $? != 0 ]] ; then
    cat &lt;&lt; EOM
error: The sandbox is not in sync with the Podfile.lock. Run 'pod install' or update your CocoaPods installation.
EOM
    exit 1
fi
</string>
			<key>showEnvVarsInLog</key>
			<string>0</string>
		</dict>
	</dict>
	<key>rootObject</key>
	<string>096A97671CAFA84900497C1E</string>
</dict>
</plist>
