// !$*UTF8*$!
{
	archiveVersion = 1;
	classes = {
	};
	objectVersion = 46;
	objects = {

/* Begin PBXBuildFile section */
		091AD4871D06B221009A7BB8 /* MONACO.TTF in Resources */ = {isa = PBXBuildFile; fileRef = 091AD4861D06B221009A7BB8 /* MONACO.TTF */; };
		0932F1E21CB4F8F4009596F6 /* FYDDemoViewController.swift in Sources */ = {isa = PBXBuildFile; fileRef = 0932F1E11CB4F8F4009596F6 /* FYDDemoViewController.swift */; };
		0932F1E41CB4F90B009596F6 /* FYDDemoTableViewController.swift in Sources */ = {isa = PBXBuildFile; fileRef = 0932F1E31CB4F90B009596F6 /* FYDDemoTableViewController.swift */; };
		093F1B2D1CE0D91500D23D70 /* FYDemoHelper.swift in Sources */ = {isa = PBXBuildFile; fileRef = 093F1B2C1CE0D91500D23D70 /* FYDemoHelper.swift */; };
		094105E21CD5296900EBF9BC /* FYDDemoTableViewCell.swift in Sources */ = {isa = PBXBuildFile; fileRef = 094105E11CD5296900EBF9BC /* FYDDemoTableViewCell.swift */; };
		096A97731CAFA84A00497C1E /* AppDelegate.swift in Sources */ = {isa = PBXBuildFile; fileRef = 096A97721CAFA84A00497C1E /* AppDelegate.swift */; };
		096A97751CAFA84A00497C1E /* FYDListViewController.swift in Sources */ = {isa = PBXBuildFile; fileRef = 096A97741CAFA84A00497C1E /* FYDListViewController.swift */; };
		096A977A1CAFA84A00497C1E /* Assets.xcassets in Resources */ = {isa = PBXBuildFile; fileRef = 096A97791CAFA84A00497C1E /* Assets.xcassets */; };
		096A977D1CAFA84A00497C1E /* LaunchScreen.storyboard in Resources */ = {isa = PBXBuildFile; fileRef = 096A977B1CAFA84A00497C1E /* LaunchScreen.storyboard */; };
		097EDA6F1CBB765900A350F0 /* FangYuanTests.swift in Sources */ = {isa = PBXBuildFile; fileRef = 097EDA6E1CBB765900A350F0 /* FangYuanTests.swift */; };
		097EDA751CBB7C3300A350F0 /* TestHelper.swift in Sources */ = {isa = PBXBuildFile; fileRef = 097EDA741CBB7C3300A350F0 /* TestHelper.swift */; };
		0996DCF31CB9478A00612218 /* FYDReactiveCodeViewController.swift in Sources */ = {isa = PBXBuildFile; fileRef = 0996DCF21CB9478A00612218 /* FYDReactiveCodeViewController.swift */; };
		09BB85971CE2CC5D00AF4D15 /* FYDComplexTableViewController.swift in Sources */ = {isa = PBXBuildFile; fileRef = 09BB85961CE2CC5D00AF4D15 /* FYDComplexTableViewController.swift */; };
		09BB859A1CE2CC8C00AF4D15 /* FYDComplexTableViewCell.swift in Sources */ = {isa = PBXBuildFile; fileRef = 09BB85991CE2CC8C00AF4D15 /* FYDComplexTableViewCell.swift */; };
		09BB859C1CE2CD0F00AF4D15 /* FYDComplexDataSource.swift in Sources */ = {isa = PBXBuildFile; fileRef = 09BB859B1CE2CD0F00AF4D15 /* FYDComplexDataSource.swift */; };
		09DC5AD41CE5DB6800E2982B /* FYDCodeTableViewCell.swift in Sources */ = {isa = PBXBuildFile; fileRef = 09DC5AD31CE5DB6800E2982B /* FYDCodeTableViewCell.swift */; };
		09E4F6551CE20843002F54E4 /* FYDAnimationViewController.swift in Sources */ = {isa = PBXBuildFile; fileRef = 09E4F6541CE20843002F54E4 /* FYDAnimationViewController.swift */; };
		09F2EB6B1CD50AC800E4EA17 /* FYDChainViewController.swift in Sources */ = {isa = PBXBuildFile; fileRef = 09F2EB6A1CD50AC800E4EA17 /* FYDChainViewController.swift */; };
		09F439111CD0BA400058029F /* FYDRectViewController.swift in Sources */ = {isa = PBXBuildFile; fileRef = 09F439101CD0BA400058029F /* FYDRectViewController.swift */; };
		5688DDE735B0B831629DA836 /* Pods_FangYuanDemo.framework in Frameworks */ = {isa = PBXBuildFile; fileRef = 64544C787764C6FB8E6F80C3 /* Pods_FangYuanDemo.framework */; };
		78539F47D34823BAD5BA357A /* Pods_FangYuanTests.framework in Frameworks */ = {isa = PBXBuildFile; fileRef = BF1DF31E4A51E5E9523CC6EE /* Pods_FangYuanTests.framework */; };
/* End PBXBuildFile section */

/* Begin PBXFileReference section */
		047C189DFD5C463881462F72 /* Pods-FangYuanDemo.release.xcconfig */ = {isa = PBXFileReference; includeInIndex = 1; lastKnownFileType = text.xcconfig; name = "Pods-FangYuanDemo.release.xcconfig"; path = "Pods/Target Support Files/Pods-FangYuanDemo/Pods-FangYuanDemo.release.xcconfig"; sourceTree = "<group>"; };
		091AD4861D06B221009A7BB8 /* MONACO.TTF */ = {isa = PBXFileReference; lastKnownFileType = file; path = MONACO.TTF; sourceTree = "<group>"; };
		0932F1E11CB4F8F4009596F6 /* FYDDemoViewController.swift */ = {isa = PBXFileReference; fileEncoding = 4; lastKnownFileType = sourcecode.swift; path = FYDDemoViewController.swift; sourceTree = "<group>"; };
		0932F1E31CB4F90B009596F6 /* FYDDemoTableViewController.swift */ = {isa = PBXFileReference; fileEncoding = 4; lastKnownFileType = sourcecode.swift; path = FYDDemoTableViewController.swift; sourceTree = "<group>"; };
		093F1B2C1CE0D91500D23D70 /* FYDemoHelper.swift */ = {isa = PBXFileReference; fileEncoding = 4; lastKnownFileType = sourcecode.swift; path = FYDemoHelper.swift; sourceTree = "<group>"; };
		094105E11CD5296900EBF9BC /* FYDDemoTableViewCell.swift */ = {isa = PBXFileReference; fileEncoding = 4; lastKnownFileType = sourcecode.swift; path = FYDDemoTableViewCell.swift; sourceTree = "<group>"; };
		096A976F1CAFA84900497C1E /* FangYuanDemo.app */ = {isa = PBXFileReference; explicitFileType = wrapper.application; includeInIndex = 0; path = FangYuanDemo.app; sourceTree = BUILT_PRODUCTS_DIR; };
		096A97721CAFA84A00497C1E /* AppDelegate.swift */ = {isa = PBXFileReference; lastKnownFileType = sourcecode.swift; path = AppDelegate.swift; sourceTree = "<group>"; };
		096A97741CAFA84A00497C1E /* FYDListViewController.swift */ = {isa = PBXFileReference; lastKnownFileType = sourcecode.swift; path = FYDListViewController.swift; sourceTree = "<group>"; };
		096A97791CAFA84A00497C1E /* Assets.xcassets */ = {isa = PBXFileReference; lastKnownFileType = folder.assetcatalog; path = Assets.xcassets; sourceTree = "<group>"; };
		096A977C1CAFA84A00497C1E /* Base */ = {isa = PBXFileReference; lastKnownFileType = file.storyboard; name = Base; path = Base.lproj/LaunchScreen.storyboard; sourceTree = "<group>"; };
		096A977E1CAFA84A00497C1E /* Info.plist */ = {isa = PBXFileReference; lastKnownFileType = text.plist.xml; path = Info.plist; sourceTree = "<group>"; };
		097EDA6C1CBB765900A350F0 /* FangYuanTests.xctest */ = {isa = PBXFileReference; explicitFileType = wrapper.cfbundle; includeInIndex = 0; path = FangYuanTests.xctest; sourceTree = BUILT_PRODUCTS_DIR; };
		097EDA6E1CBB765900A350F0 /* FangYuanTests.swift */ = {isa = PBXFileReference; lastKnownFileType = sourcecode.swift; path = FangYuanTests.swift; sourceTree = "<group>"; };
		097EDA701CBB765900A350F0 /* Info.plist */ = {isa = PBXFileReference; lastKnownFileType = text.plist.xml; path = Info.plist; sourceTree = "<group>"; };
		097EDA741CBB7C3300A350F0 /* TestHelper.swift */ = {isa = PBXFileReference; fileEncoding = 4; lastKnownFileType = sourcecode.swift; path = TestHelper.swift; sourceTree = "<group>"; };
		0996DCF21CB9478A00612218 /* FYDReactiveCodeViewController.swift */ = {isa = PBXFileReference; fileEncoding = 4; lastKnownFileType = sourcecode.swift; path = FYDReactiveCodeViewController.swift; sourceTree = "<group>"; };
		09BB85961CE2CC5D00AF4D15 /* FYDComplexTableViewController.swift */ = {isa = PBXFileReference; fileEncoding = 4; lastKnownFileType = sourcecode.swift; path = FYDComplexTableViewController.swift; sourceTree = "<group>"; };
		09BB85991CE2CC8C00AF4D15 /* FYDComplexTableViewCell.swift */ = {isa = PBXFileReference; fileEncoding = 4; lastKnownFileType = sourcecode.swift; path = FYDComplexTableViewCell.swift; sourceTree = "<group>"; };
		09BB859B1CE2CD0F00AF4D15 /* FYDComplexDataSource.swift */ = {isa = PBXFileReference; fileEncoding = 4; lastKnownFileType = sourcecode.swift; path = FYDComplexDataSource.swift; sourceTree = "<group>"; };
		09DC5AD31CE5DB6800E2982B /* FYDCodeTableViewCell.swift */ = {isa = PBXFileReference; fileEncoding = 4; lastKnownFileType = sourcecode.swift; path = FYDCodeTableViewCell.swift; sourceTree = "<group>"; };
		09E4F6541CE20843002F54E4 /* FYDAnimationViewController.swift */ = {isa = PBXFileReference; fileEncoding = 4; lastKnownFileType = sourcecode.swift; path = FYDAnimationViewController.swift; sourceTree = "<group>"; };
		09F2EB6A1CD50AC800E4EA17 /* FYDChainViewController.swift */ = {isa = PBXFileReference; fileEncoding = 4; lastKnownFileType = sourcecode.swift; path = FYDChainViewController.swift; sourceTree = "<group>"; };
		09F439101CD0BA400058029F /* FYDRectViewController.swift */ = {isa = PBXFileReference; fileEncoding = 4; lastKnownFileType = sourcecode.swift; path = FYDRectViewController.swift; sourceTree = "<group>"; };
		1F31786581148F67F0E4F37C /* Pods-FangYuanTests.debug.xcconfig */ = {isa = PBXFileReference; includeInIndex = 1; lastKnownFileType = text.xcconfig; name = "Pods-FangYuanTests.debug.xcconfig"; path = "Pods/Target Support Files/Pods-FangYuanTests/Pods-FangYuanTests.debug.xcconfig"; sourceTree = "<group>"; };
		64544C787764C6FB8E6F80C3 /* Pods_FangYuanDemo.framework */ = {isa = PBXFileReference; explicitFileType = wrapper.framework; includeInIndex = 0; path = Pods_FangYuanDemo.framework; sourceTree = BUILT_PRODUCTS_DIR; };
		66FDDF168879F3AAB54EE5FA /* Pods-FangYuanDemo.debug.xcconfig */ = {isa = PBXFileReference; includeInIndex = 1; lastKnownFileType = text.xcconfig; name = "Pods-FangYuanDemo.debug.xcconfig"; path = "Pods/Target Support Files/Pods-FangYuanDemo/Pods-FangYuanDemo.debug.xcconfig"; sourceTree = "<group>"; };
		B91FCE1EB77528CB3730F899 /* Pods-FangYuanTests.release.xcconfig */ = {isa = PBXFileReference; includeInIndex = 1; lastKnownFileType = text.xcconfig; name = "Pods-FangYuanTests.release.xcconfig"; path = "Pods/Target Support Files/Pods-FangYuanTests/Pods-FangYuanTests.release.xcconfig"; sourceTree = "<group>"; };
		BF1DF31E4A51E5E9523CC6EE /* Pods_FangYuanTests.framework */ = {isa = PBXFileReference; explicitFileType = wrapper.framework; includeInIndex = 0; path = Pods_FangYuanTests.framework; sourceTree = BUILT_PRODUCTS_DIR; };
/* End PBXFileReference section */

/* Begin PBXFrameworksBuildPhase section */
		096A976C1CAFA84900497C1E /* Frameworks */ = {
			isa = PBXFrameworksBuildPhase;
			buildActionMask = 2147483647;
			files = (
				5688DDE735B0B831629DA836 /* Pods_FangYuanDemo.framework in Frameworks */,
			);
			runOnlyForDeploymentPostprocessing = 0;
		};
		097EDA691CBB765900A350F0 /* Frameworks */ = {
			isa = PBXFrameworksBuildPhase;
			buildActionMask = 2147483647;
			files = (
				78539F47D34823BAD5BA357A /* Pods_FangYuanTests.framework in Frameworks */,
			);
			runOnlyForDeploymentPostprocessing = 0;
		};
/* End PBXFrameworksBuildPhase section */

/* Begin PBXGroup section */
		096A97661CAFA84900497C1E = {
			isa = PBXGroup;
			children = (
				096A97711CAFA84A00497C1E /* FangYuanDemo */,
				097EDA6D1CBB765900A350F0 /* FangYuanTests */,
				096A97701CAFA84900497C1E /* Products */,
				768E4709872ED99AD41FE4F9 /* Pods */,
				96E5B70FD5F63FB9817AF05C /* Frameworks */,
			);
			sourceTree = "<group>";
		};
		096A97701CAFA84900497C1E /* Products */ = {
			isa = PBXGroup;
			children = (
				096A976F1CAFA84900497C1E /* FangYuanDemo.app */,
				097EDA6C1CBB765900A350F0 /* FangYuanTests.xctest */,
			);
			name = Products;
			sourceTree = "<group>";
		};
		096A97711CAFA84A00497C1E /* FangYuanDemo */ = {
			isa = PBXGroup;
			children = (
				096A97721CAFA84A00497C1E /* AppDelegate.swift */,
				096A97741CAFA84A00497C1E /* FYDListViewController.swift */,
				09BB85931CE2CBF100AF4D15 /* ViewController */,
				09DC5AD21CE5DB4100E2982B /* Basic */,
				09BB85941CE2CC0900AF4D15 /* Chain */,
				09BB85921CE2CBBC00AF4D15 /* SimpleTableView */,
				09BB85951CE2CC2000AF4D15 /* Animation */,
				09BB85981CE2CC6D00AF4D15 /* ComplexTableView */,
				0996DCF21CB9478A00612218 /* FYDReactiveCodeViewController.swift */,
				093F1B2C1CE0D91500D23D70 /* FYDemoHelper.swift */,
				096A97791CAFA84A00497C1E /* Assets.xcassets */,
				096A977B1CAFA84A00497C1E /* LaunchScreen.storyboard */,
				091AD4861D06B221009A7BB8 /* MONACO.TTF */,
				096A977E1CAFA84A00497C1E /* Info.plist */,
			);
			path = FangYuanDemo;
			sourceTree = "<group>";
		};
		097EDA6D1CBB765900A350F0 /* FangYuanTests */ = {
			isa = PBXGroup;
			children = (
				097EDA6E1CBB765900A350F0 /* FangYuanTests.swift */,
				097EDA741CBB7C3300A350F0 /* TestHelper.swift */,
				097EDA701CBB765900A350F0 /* Info.plist */,
			);
			path = FangYuanTests;
			sourceTree = "<group>";
		};
		09BB85921CE2CBBC00AF4D15 /* SimpleTableView */ = {
			isa = PBXGroup;
			children = (
				0932F1E31CB4F90B009596F6 /* FYDDemoTableViewController.swift */,
				094105E11CD5296900EBF9BC /* FYDDemoTableViewCell.swift */,
			);
			name = SimpleTableView;
			sourceTree = "<group>";
		};
		09BB85931CE2CBF100AF4D15 /* ViewController */ = {
			isa = PBXGroup;
			children = (
				0932F1E11CB4F8F4009596F6 /* FYDDemoViewController.swift */,
			);
			name = ViewController;
			sourceTree = "<group>";
		};
		09BB85941CE2CC0900AF4D15 /* Chain */ = {
			isa = PBXGroup;
			children = (
				09F2EB6A1CD50AC800E4EA17 /* FYDChainViewController.swift */,
			);
			name = Chain;
			sourceTree = "<group>";
		};
		09BB85951CE2CC2000AF4D15 /* Animation */ = {
			isa = PBXGroup;
			children = (
				09E4F6541CE20843002F54E4 /* FYDAnimationViewController.swift */,
			);
			name = Animation;
			sourceTree = "<group>";
		};
		09BB85981CE2CC6D00AF4D15 /* ComplexTableView */ = {
			isa = PBXGroup;
			children = (
				09BB85961CE2CC5D00AF4D15 /* FYDComplexTableViewController.swift */,
				09BB85991CE2CC8C00AF4D15 /* FYDComplexTableViewCell.swift */,
				09BB859B1CE2CD0F00AF4D15 /* FYDComplexDataSource.swift */,
			);
			name = ComplexTableView;
			sourceTree = "<group>";
		};
		09DC5AD21CE5DB4100E2982B /* Basic */ = {
			isa = PBXGroup;
			children = (
				09F439101CD0BA400058029F /* FYDRectViewController.swift */,
				09DC5AD31CE5DB6800E2982B /* FYDCodeTableViewCell.swift */,
			);
			name = Basic;
			sourceTree = "<group>";
		};
		768E4709872ED99AD41FE4F9 /* Pods */ = {
			isa = PBXGroup;
			children = (
				66FDDF168879F3AAB54EE5FA /* Pods-FangYuanDemo.debug.xcconfig */,
				047C189DFD5C463881462F72 /* Pods-FangYuanDemo.release.xcconfig */,
				1F31786581148F67F0E4F37C /* Pods-FangYuanTests.debug.xcconfig */,
				B91FCE1EB77528CB3730F899 /* Pods-FangYuanTests.release.xcconfig */,
			);
			name = Pods;
			sourceTree = "<group>";
		};
		96E5B70FD5F63FB9817AF05C /* Frameworks */ = {
			isa = PBXGroup;
			children = (
				64544C787764C6FB8E6F80C3 /* Pods_FangYuanDemo.framework */,
				BF1DF31E4A51E5E9523CC6EE /* Pods_FangYuanTests.framework */,
			);
			name = Frameworks;
			sourceTree = "<group>";
		};
/* End PBXGroup section */

/* Begin PBXNativeTarget section */
		096A976E1CAFA84900497C1E /* FangYuanDemo */ = {
			isa = PBXNativeTarget;
			buildConfigurationList = 096A97811CAFA84A00497C1E /* Build configuration list for PBXNativeTarget "FangYuanDemo" */;
			buildPhases = (
				CFEC6F2CBF541A718EF0A87D /* Check Pods Manifest.lock */,
				096A976B1CAFA84900497C1E /* Sources */,
				096A976C1CAFA84900497C1E /* Frameworks */,
				096A976D1CAFA84900497C1E /* Resources */,
				D064DDA88BB11839058A8C3E /* Embed Pods Frameworks */,
				D231E85B0A78C610F5D02AA7 /* Copy Pods Resources */,
			);
			buildRules = (
			);
			dependencies = (
			);
			name = FangYuanDemo;
			productName = FangYuanDemo;
			productReference = 096A976F1CAFA84900497C1E /* FangYuanDemo.app */;
			productType = "com.apple.product-type.application";
		};
		097EDA6B1CBB765900A350F0 /* FangYuanTests */ = {
			isa = PBXNativeTarget;
			buildConfigurationList = 097EDA731CBB765900A350F0 /* Build configuration list for PBXNativeTarget "FangYuanTests" */;
			buildPhases = (
				F93BC8BD422549ADEAE1CF1A /* Check Pods Manifest.lock */,
				097EDA681CBB765900A350F0 /* Sources */,
				097EDA691CBB765900A350F0 /* Frameworks */,
				097EDA6A1CBB765900A350F0 /* Resources */,
				AFE4859ED0B8B2CB0F2E5760 /* Embed Pods Frameworks */,
				F799E83075F9CA96F87683FB /* Copy Pods Resources */,
			);
			buildRules = (
			);
			dependencies = (
			);
			name = FangYuanTests;
			productName = FangYuanTests;
			productReference = 097EDA6C1CBB765900A350F0 /* FangYuanTests.xctest */;
			productType = "com.apple.product-type.bundle.unit-test";
		};
/* End PBXNativeTarget section */

/* Begin PBXProject section */
		096A97671CAFA84900497C1E /* Project object */ = {
			isa = PBXProject;
			attributes = {
				LastSwiftUpdateCheck = 0730;
				LastUpgradeCheck = 0730;
				ORGANIZATIONNAME = "王策";
				TargetAttributes = {
					096A976E1CAFA84900497C1E = {
						CreatedOnToolsVersion = 7.3;
					};
					097EDA6B1CBB765900A350F0 = {
						CreatedOnToolsVersion = 7.3;
					};
				};
			};
			buildConfigurationList = 096A976A1CAFA84900497C1E /* Build configuration list for PBXProject "FangYuanDemo" */;
			compatibilityVersion = "Xcode 3.2";
			developmentRegion = English;
			hasScannedForEncodings = 0;
			knownRegions = (
				en,
				Base,
			);
			mainGroup = 096A97661CAFA84900497C1E;
			productRefGroup = 096A97701CAFA84900497C1E /* Products */;
			projectDirPath = "";
			projectRoot = "";
			targets = (
				096A976E1CAFA84900497C1E /* FangYuanDemo */,
				097EDA6B1CBB765900A350F0 /* FangYuanTests */,
			);
		};
/* End PBXProject section */

/* Begin PBXResourcesBuildPhase section */
		096A976D1CAFA84900497C1E /* Resources */ = {
			isa = PBXResourcesBuildPhase;
			buildActionMask = 2147483647;
			files = (
				096A977D1CAFA84A00497C1E /* LaunchScreen.storyboard in Resources */,
				096A977A1CAFA84A00497C1E /* Assets.xcassets in Resources */,
				091AD4871D06B221009A7BB8 /* MONACO.TTF in Resources */,
			);
			runOnlyForDeploymentPostprocessing = 0;
		};
		097EDA6A1CBB765900A350F0 /* Resources */ = {
			isa = PBXResourcesBuildPhase;
			buildActionMask = 2147483647;
			files = (
			);
			runOnlyForDeploymentPostprocessing = 0;
		};
/* End PBXResourcesBuildPhase section */

/* Begin PBXShellScriptBuildPhase section */
		AFE4859ED0B8B2CB0F2E5760 /* Embed Pods Frameworks */ = {
			isa = PBXShellScriptBuildPhase;
			buildActionMask = 2147483647;
			files = (
			);
			inputPaths = (
			);
			name = "Embed Pods Frameworks";
			outputPaths = (
			);
			runOnlyForDeploymentPostprocessing = 0;
			shellPath = /bin/sh;
			shellScript = "\"${SRCROOT}/Pods/Target Support Files/Pods-FangYuanTests/Pods-FangYuanTests-frameworks.sh\"\n";
			showEnvVarsInLog = 0;
		};
		CFEC6F2CBF541A718EF0A87D /* Check Pods Manifest.lock */ = {
			isa = PBXShellScriptBuildPhase;
			buildActionMask = 2147483647;
			files = (
			);
			inputPaths = (
			);
			name = "Check Pods Manifest.lock";
			outputPaths = (
			);
			runOnlyForDeploymentPostprocessing = 0;
			shellPath = /bin/sh;
			shellScript = "diff \"${PODS_ROOT}/../Podfile.lock\" \"${PODS_ROOT}/Manifest.lock\" > /dev/null\nif [[ $? != 0 ]] ; then\n    cat << EOM\nerror: The sandbox is not in sync with the Podfile.lock. Run 'pod install' or update your CocoaPods installation.\nEOM\n    exit 1\nfi\n";
			showEnvVarsInLog = 0;
		};
		D064DDA88BB11839058A8C3E /* Embed Pods Frameworks */ = {
			isa = PBXShellScriptBuildPhase;
			buildActionMask = 2147483647;
			files = (
			);
			inputPaths = (
			);
			name = "Embed Pods Frameworks";
			outputPaths = (
			);
			runOnlyForDeploymentPostprocessing = 0;
			shellPath = /bin/sh;
			shellScript = "\"${SRCROOT}/Pods/Target Support Files/Pods-FangYuanDemo/Pods-FangYuanDemo-frameworks.sh\"\n";
			showEnvVarsInLog = 0;
		};
		D231E85B0A78C610F5D02AA7 /* Copy Pods Resources */ = {
			isa = PBXShellScriptBuildPhase;
			buildActionMask = 2147483647;
			files = (
			);
			inputPaths = (
			);
			name = "Copy Pods Resources";
			outputPaths = (
			);
			runOnlyForDeploymentPostprocessing = 0;
			shellPath = /bin/sh;
			shellScript = "\"${SRCROOT}/Pods/Target Support Files/Pods-FangYuanDemo/Pods-FangYuanDemo-resources.sh\"\n";
			showEnvVarsInLog = 0;
		};
		F799E83075F9CA96F87683FB /* Copy Pods Resources */ = {
			isa = PBXShellScriptBuildPhase;
			buildActionMask = 2147483647;
			files = (
			);
			inputPaths = (
			);
			name = "Copy Pods Resources";
			outputPaths = (
			);
			runOnlyForDeploymentPostprocessing = 0;
			shellPath = /bin/sh;
			shellScript = "\"${SRCROOT}/Pods/Target Support Files/Pods-FangYuanTests/Pods-FangYuanTests-resources.sh\"\n";
			showEnvVarsInLog = 0;
		};
		F93BC8BD422549ADEAE1CF1A /* Check Pods Manifest.lock */ = {
			isa = PBXShellScriptBuildPhase;
			buildActionMask = 2147483647;
			files = (
			);
			inputPaths = (
			);
			name = "Check Pods Manifest.lock";
			outputPaths = (
			);
			runOnlyForDeploymentPostprocessing = 0;
			shellPath = /bin/sh;
			shellScript = "diff \"${PODS_ROOT}/../Podfile.lock\" \"${PODS_ROOT}/Manifest.lock\" > /dev/null\nif [[ $? != 0 ]] ; then\n    cat << EOM\nerror: The sandbox is not in sync with the Podfile.lock. Run 'pod install' or update your CocoaPods installation.\nEOM\n    exit 1\nfi\n";
			showEnvVarsInLog = 0;
		};
/* End PBXShellScriptBuildPhase section */

/* Begin PBXSourcesBuildPhase section */
		096A976B1CAFA84900497C1E /* Sources */ = {
			isa = PBXSourcesBuildPhase;
			buildActionMask = 2147483647;
			files = (
				0932F1E41CB4F90B009596F6 /* FYDDemoTableViewController.swift in Sources */,
				09BB859C1CE2CD0F00AF4D15 /* FYDComplexDataSource.swift in Sources */,
				09E4F6551CE20843002F54E4 /* FYDAnimationViewController.swift in Sources */,
				093F1B2D1CE0D91500D23D70 /* FYDemoHelper.swift in Sources */,
				096A97751CAFA84A00497C1E /* FYDListViewController.swift in Sources */,
				096A97731CAFA84A00497C1E /* AppDelegate.swift in Sources */,
				09F2EB6B1CD50AC800E4EA17 /* FYDChainViewController.swift in Sources */,
				0996DCF31CB9478A00612218 /* FYDReactiveCodeViewController.swift in Sources */,
				09BB85971CE2CC5D00AF4D15 /* FYDComplexTableViewController.swift in Sources */,
				09F439111CD0BA400058029F /* FYDRectViewController.swift in Sources */,
				09DC5AD41CE5DB6800E2982B /* FYDCodeTableViewCell.swift in Sources */,
				094105E21CD5296900EBF9BC /* FYDDemoTableViewCell.swift in Sources */,
				0932F1E21CB4F8F4009596F6 /* FYDDemoViewController.swift in Sources */,
				09BB859A1CE2CC8C00AF4D15 /* FYDComplexTableViewCell.swift in Sources */,
			);
			runOnlyForDeploymentPostprocessing = 0;
		};
		097EDA681CBB765900A350F0 /* Sources */ = {
			isa = PBXSourcesBuildPhase;
			buildActionMask = 2147483647;
			files = (
				097EDA6F1CBB765900A350F0 /* FangYuanTests.swift in Sources */,
				097EDA751CBB7C3300A350F0 /* TestHelper.swift in Sources */,
			);
			runOnlyForDeploymentPostprocessing = 0;
		};
/* End PBXSourcesBuildPhase section */

/* Begin PBXVariantGroup section */
		096A977B1CAFA84A00497C1E /* LaunchScreen.storyboard */ = {
			isa = PBXVariantGroup;
			children = (
				096A977C1CAFA84A00497C1E /* Base */,
			);
			name = LaunchScreen.storyboard;
			sourceTree = "<group>";
		};
/* End PBXVariantGroup section */

/* Begin XCBuildConfiguration section */
		096A977F1CAFA84A00497C1E /* Debug */ = {
			isa = XCBuildConfiguration;
			buildSettings = {
				ALWAYS_SEARCH_USER_PATHS = NO;
				CLANG_ANALYZER_NONNULL = YES;
				CLANG_CXX_LANGUAGE_STANDARD = "gnu++0x";
				CLANG_CXX_LIBRARY = "libc++";
				CLANG_ENABLE_MODULES = YES;
				CLANG_ENABLE_OBJC_ARC = YES;
				CLANG_WARN_BOOL_CONVERSION = YES;
				CLANG_WARN_CONSTANT_CONVERSION = YES;
				CLANG_WARN_DIRECT_OBJC_ISA_USAGE = YES_ERROR;
				CLANG_WARN_EMPTY_BODY = YES;
				CLANG_WARN_ENUM_CONVERSION = YES;
				CLANG_WARN_INT_CONVERSION = YES;
				CLANG_WARN_OBJC_ROOT_CLASS = YES_ERROR;
				CLANG_WARN_UNREACHABLE_CODE = YES;
				CLANG_WARN__DUPLICATE_METHOD_MATCH = YES;
				"CODE_SIGN_IDENTITY[sdk=iphoneos*]" = "iPhone Developer";
				COPY_PHASE_STRIP = NO;
				DEBUG_INFORMATION_FORMAT = dwarf;
				ENABLE_STRICT_OBJC_MSGSEND = YES;
				ENABLE_TESTABILITY = YES;
				GCC_C_LANGUAGE_STANDARD = gnu99;
				GCC_DYNAMIC_NO_PIC = NO;
				GCC_NO_COMMON_BLOCKS = YES;
				GCC_OPTIMIZATION_LEVEL = 0;
				GCC_PREPROCESSOR_DEFINITIONS = (
					"DEBUG=1",
					"$(inherited)",
				);
				GCC_WARN_64_TO_32_BIT_CONVERSION = YES;
				GCC_WARN_ABOUT_RETURN_TYPE = YES_ERROR;
				GCC_WARN_UNDECLARED_SELECTOR = YES;
				GCC_WARN_UNINITIALIZED_AUTOS = YES_AGGRESSIVE;
				GCC_WARN_UNUSED_FUNCTION = YES;
				GCC_WARN_UNUSED_VARIABLE = YES;
				IPHONEOS_DEPLOYMENT_TARGET = 9.3;
				MTL_ENABLE_DEBUG_INFO = YES;
				ONLY_ACTIVE_ARCH = YES;
				SDKROOT = iphoneos;
				SWIFT_OPTIMIZATION_LEVEL = "-Onone";
			};
			name = Debug;
		};
		096A97801CAFA84A00497C1E /* Release */ = {
			isa = XCBuildConfiguration;
			buildSettings = {
				ALWAYS_SEARCH_USER_PATHS = NO;
				CLANG_ANALYZER_NONNULL = YES;
				CLANG_CXX_LANGUAGE_STANDARD = "gnu++0x";
				CLANG_CXX_LIBRARY = "libc++";
				CLANG_ENABLE_MODULES = YES;
				CLANG_ENABLE_OBJC_ARC = YES;
				CLANG_WARN_BOOL_CONVERSION = YES;
				CLANG_WARN_CONSTANT_CONVERSION = YES;
				CLANG_WARN_DIRECT_OBJC_ISA_USAGE = YES_ERROR;
				CLANG_WARN_EMPTY_BODY = YES;
				CLANG_WARN_ENUM_CONVERSION = YES;
				CLANG_WARN_INT_CONVERSION = YES;
				CLANG_WARN_OBJC_ROOT_CLASS = YES_ERROR;
				CLANG_WARN_UNREACHABLE_CODE = YES;
				CLANG_WARN__DUPLICATE_METHOD_MATCH = YES;
				"CODE_SIGN_IDENTITY[sdk=iphoneos*]" = "iPhone Developer";
				COPY_PHASE_STRIP = NO;
				DEBUG_INFORMATION_FORMAT = "dwarf-with-dsym";
				ENABLE_NS_ASSERTIONS = NO;
				ENABLE_STRICT_OBJC_MSGSEND = YES;
				GCC_C_LANGUAGE_STANDARD = gnu99;
				GCC_NO_COMMON_BLOCKS = YES;
				GCC_WARN_64_TO_32_BIT_CONVERSION = YES;
				GCC_WARN_ABOUT_RETURN_TYPE = YES_ERROR;
				GCC_WARN_UNDECLARED_SELECTOR = YES;
				GCC_WARN_UNINITIALIZED_AUTOS = YES_AGGRESSIVE;
				GCC_WARN_UNUSED_FUNCTION = YES;
				GCC_WARN_UNUSED_VARIABLE = YES;
				IPHONEOS_DEPLOYMENT_TARGET = 9.3;
				MTL_ENABLE_DEBUG_INFO = NO;
				SDKROOT = iphoneos;
				VALIDATE_PRODUCT = YES;
			};
			name = Release;
		};
		096A97821CAFA84A00497C1E /* Debug */ = {
			isa = XCBuildConfiguration;
			baseConfigurationReference = 66FDDF168879F3AAB54EE5FA /* Pods-FangYuanDemo.debug.xcconfig */;
			buildSettings = {
				ASSETCATALOG_COMPILER_APPICON_NAME = AppIcon;
				CODE_SIGN_IDENTITY = "iPhone Developer";
				INFOPLIST_FILE = FangYuanDemo/Info.plist;
				IPHONEOS_DEPLOYMENT_TARGET = 8.0;
				LD_RUNPATH_SEARCH_PATHS = "$(inherited) @executable_path/Frameworks";
				ONLY_ACTIVE_ARCH = YES;
				PRODUCT_BUNDLE_IDENTIFIER = WangCe.FangYuanDemo;
				PRODUCT_NAME = "$(TARGET_NAME)";
			};
			name = Debug;
		};
		096A97831CAFA84A00497C1E /* Release */ = {
			isa = XCBuildConfiguration;
			baseConfigurationReference = 047C189DFD5C463881462F72 /* Pods-FangYuanDemo.release.xcconfig */;
			buildSettings = {
				ASSETCATALOG_COMPILER_APPICON_NAME = AppIcon;
				CODE_SIGN_IDENTITY = "iPhone Developer";
				INFOPLIST_FILE = FangYuanDemo/Info.plist;
				IPHONEOS_DEPLOYMENT_TARGET = 8.0;
				LD_RUNPATH_SEARCH_PATHS = "$(inherited) @executable_path/Frameworks";
				ONLY_ACTIVE_ARCH = YES;
				PRODUCT_BUNDLE_IDENTIFIER = WangCe.FangYuanDemo;
				PRODUCT_NAME = "$(TARGET_NAME)";
			};
			name = Release;
		};
		097EDA711CBB765900A350F0 /* Debug */ = {
			isa = XCBuildConfiguration;
			baseConfigurationReference = 1F31786581148F67F0E4F37C /* Pods-FangYuanTests.debug.xcconfig */;
			buildSettings = {
				INFOPLIST_FILE = FangYuanTests/Info.plist;
				LD_RUNPATH_SEARCH_PATHS = "$(inherited) @executable_path/Frameworks @loader_path/Frameworks";
				PRODUCT_BUNDLE_IDENTIFIER = WangCe.FangYuanTests;
				PRODUCT_NAME = "$(TARGET_NAME)";
			};
			name = Debug;
		};
		097EDA721CBB765900A350F0 /* Release */ = {
			isa = XCBuildConfiguration;
			baseConfigurationReference = B91FCE1EB77528CB3730F899 /* Pods-FangYuanTests.release.xcconfig */;
			buildSettings = {
				INFOPLIST_FILE = FangYuanTests/Info.plist;
				LD_RUNPATH_SEARCH_PATHS = "$(inherited) @executable_path/Frameworks @loader_path/Frameworks";
				PRODUCT_BUNDLE_IDENTIFIER = WangCe.FangYuanTests;
				PRODUCT_NAME = "$(TARGET_NAME)";
			};
			name = Release;
		};
/* End XCBuildConfiguration section */

/* Begin XCConfigurationList section */
		096A976A1CAFA84900497C1E /* Build configuration list for PBXProject "FangYuanDemo" */ = {
			isa = XCConfigurationList;
			buildConfigurations = (
				096A977F1CAFA84A00497C1E /* Debug */,
				096A97801CAFA84A00497C1E /* Release */,
			);
			defaultConfigurationIsVisible = 0;
			defaultConfigurationName = Release;
		};
		096A97811CAFA84A00497C1E /* Build configuration list for PBXNativeTarget "FangYuanDemo" */ = {
			isa = XCConfigurationList;
			buildConfigurations = (
				096A97821CAFA84A00497C1E /* Debug */,
				096A97831CAFA84A00497C1E /* Release */,
			);
			defaultConfigurationIsVisible = 0;
			defaultConfigurationName = Release;
		};
		097EDA731CBB765900A350F0 /* Build configuration list for PBXNativeTarget "FangYuanTests" */ = {
			isa = XCConfigurationList;
			buildConfigurations = (
				097EDA711CBB765900A350F0 /* Debug */,
				097EDA721CBB765900A350F0 /* Release */,
			);
			defaultConfigurationIsVisible = 0;
			defaultConfigurationName = Release;
		};
/* End XCConfigurationList section */
	};
	rootObject = 096A97671CAFA84900497C1E /* Project object */;
}
